// !$*UTF8*$!
{
	archiveVersion = 1;
	classes = {
	};
	objectVersion = 46;
	objects = {

/* Begin PBXBuildFile section */
		41193E8B19FA95060027B007 /* CSlrImageDummy.cpp in Sources */ = {isa = PBXBuildFile; fileRef = 41193E8A19FA95060027B007 /* CSlrImageDummy.cpp */; };
		411A4EB61A13B8890095EBF9 /* CSlrDate.cpp in Sources */ = {isa = PBXBuildFile; fileRef = 411A4EB51A13B8890095EBF9 /* CSlrDate.cpp */; };
		414289AF19F80EA500D2F7C9 /* CByteBuffer.cpp in Sources */ = {isa = PBXBuildFile; fileRef = 4142891419F80EA400D2F7C9 /* CByteBuffer.cpp */; };
		414289B119F80EA500D2F7C9 /* RES_DeployFile.cpp in Sources */ = {isa = PBXBuildFile; fileRef = 4142891719F80EA400D2F7C9 /* RES_DeployFile.cpp */; };
		414289B219F80EA500D2F7C9 /* SYS_Funct.cpp in Sources */ = {isa = PBXBuildFile; fileRef = 4142891A19F80EA400D2F7C9 /* SYS_Funct.cpp */; };
		414289B319F80EA500D2F7C9 /* SYS_Main.cpp in Sources */ = {isa = PBXBuildFile; fileRef = 4142891C19F80EA400D2F7C9 /* SYS_Main.cpp */; };
		414289B419F80EA500D2F7C9 /* SYS_Startup.cpp in Sources */ = {isa = PBXBuildFile; fileRef = 4142891E19F80EA400D2F7C9 /* SYS_Startup.cpp */; };
		414289B519F80EA500D2F7C9 /* Compress.cpp in Sources */ = {isa = PBXBuildFile; fileRef = 4142892119F80EA400D2F7C9 /* Compress.cpp */; };
		414289B619F80EA500D2F7C9 /* Decompress.cpp in Sources */ = {isa = PBXBuildFile; fileRef = 4142892319F80EA400D2F7C9 /* Decompress.cpp */; };
		414289B719F80EA500D2F7C9 /* example.cpp in Sources */ = {isa = PBXBuildFile; fileRef = 4142892519F80EA400D2F7C9 /* example.cpp */; };
		414289B819F80EA500D2F7C9 /* CSlrFile.cpp in Sources */ = {isa = PBXBuildFile; fileRef = 4142892719F80EA400D2F7C9 /* CSlrFile.cpp */; };
		414289B919F80EA500D2F7C9 /* CSlrFileFromSystem.cpp in Sources */ = {isa = PBXBuildFile; fileRef = 4142892919F80EA400D2F7C9 /* CSlrFileFromSystem.cpp */; };
		414289BA19F80EA500D2F7C9 /* GFX_WriteImage.cpp in Sources */ = {isa = PBXBuildFile; fileRef = 4142892D19F80EA400D2F7C9 /* GFX_WriteImage.cpp */; };
		414289BB19F80EA500D2F7C9 /* CBufferOffsets.cpp in Sources */ = {isa = PBXBuildFile; fileRef = 4142893019F80EA400D2F7C9 /* CBufferOffsets.cpp */; };
		414289BC19F80EA500D2F7C9 /* CImageData.cpp in Sources */ = {isa = PBXBuildFile; fileRef = 4142893219F80EA400D2F7C9 /* CImageData.cpp */; };
		414289BD19F80EA500D2F7C9 /* CImageKernel.cpp in Sources */ = {isa = PBXBuildFile; fileRef = 4142893419F80EA400D2F7C9 /* CImageKernel.cpp */; };
		414289BE19F80EA500D2F7C9 /* IMG_Filters.cpp in Sources */ = {isa = PBXBuildFile; fileRef = 4142893619F80EA400D2F7C9 /* IMG_Filters.cpp */; };
		414289BF19F80EA500D2F7C9 /* IMG_HoughLines.cpp in Sources */ = {isa = PBXBuildFile; fileRef = 4142893819F80EA400D2F7C9 /* IMG_HoughLines.cpp */; };
		414289C019F80EA500D2F7C9 /* IMG_Scale.cpp in Sources */ = {isa = PBXBuildFile; fileRef = 4142893A19F80EA500D2F7C9 /* IMG_Scale.cpp */; };
		414289C119F80EA500D2F7C9 /* resampler.cpp in Sources */ = {isa = PBXBuildFile; fileRef = 4142893D19F80EA500D2F7C9 /* resampler.cpp */; };
		414289C219F80EA500D2F7C9 /* png.c in Sources */ = {isa = PBXBuildFile; fileRef = 4142894119F80EA500D2F7C9 /* png.c */; };
		414289C319F80EA500D2F7C9 /* pngerror.c in Sources */ = {isa = PBXBuildFile; fileRef = 4142894519F80EA500D2F7C9 /* pngerror.c */; };
		414289C419F80EA500D2F7C9 /* pngget.c in Sources */ = {isa = PBXBuildFile; fileRef = 4142894619F80EA500D2F7C9 /* pngget.c */; };
		414289C519F80EA500D2F7C9 /* pngmem.c in Sources */ = {isa = PBXBuildFile; fileRef = 4142894919F80EA500D2F7C9 /* pngmem.c */; };
		414289C619F80EA500D2F7C9 /* pngpread.c in Sources */ = {isa = PBXBuildFile; fileRef = 4142894A19F80EA500D2F7C9 /* pngpread.c */; };
		414289C719F80EA500D2F7C9 /* pngread.c in Sources */ = {isa = PBXBuildFile; fileRef = 4142894C19F80EA500D2F7C9 /* pngread.c */; };
		414289C819F80EA500D2F7C9 /* pngrio.c in Sources */ = {isa = PBXBuildFile; fileRef = 4142894D19F80EA500D2F7C9 /* pngrio.c */; };
		414289C919F80EA500D2F7C9 /* pngrtran.c in Sources */ = {isa = PBXBuildFile; fileRef = 4142894E19F80EA500D2F7C9 /* pngrtran.c */; };
		414289CA19F80EA500D2F7C9 /* pngrutil.c in Sources */ = {isa = PBXBuildFile; fileRef = 4142894F19F80EA500D2F7C9 /* pngrutil.c */; };
		414289CB19F80EA500D2F7C9 /* pngset.c in Sources */ = {isa = PBXBuildFile; fileRef = 4142895019F80EA500D2F7C9 /* pngset.c */; };
		414289CC19F80EA500D2F7C9 /* pngtrans.c in Sources */ = {isa = PBXBuildFile; fileRef = 4142895219F80EA500D2F7C9 /* pngtrans.c */; };
		414289CD19F80EA500D2F7C9 /* pngwio.c in Sources */ = {isa = PBXBuildFile; fileRef = 4142895319F80EA500D2F7C9 /* pngwio.c */; };
		414289CE19F80EA500D2F7C9 /* pngwrite.c in Sources */ = {isa = PBXBuildFile; fileRef = 4142895419F80EA500D2F7C9 /* pngwrite.c */; };
		414289CF19F80EA500D2F7C9 /* pngwtran.c in Sources */ = {isa = PBXBuildFile; fileRef = 4142895519F80EA500D2F7C9 /* pngwtran.c */; };
		414289D019F80EA500D2F7C9 /* pngwutil.c in Sources */ = {isa = PBXBuildFile; fileRef = 4142895619F80EA500D2F7C9 /* pngwutil.c */; };
		414289D519F80EA500D2F7C9 /* adler32.c in Sources */ = {isa = PBXBuildFile; fileRef = 4142899519F80EA500D2F7C9 /* adler32.c */; };
		414289D619F80EA500D2F7C9 /* compress.c in Sources */ = {isa = PBXBuildFile; fileRef = 4142899619F80EA500D2F7C9 /* compress.c */; };
		414289D719F80EA500D2F7C9 /* crc32.c in Sources */ = {isa = PBXBuildFile; fileRef = 4142899719F80EA500D2F7C9 /* crc32.c */; };
		414289D819F80EA500D2F7C9 /* deflate.c in Sources */ = {isa = PBXBuildFile; fileRef = 4142899919F80EA500D2F7C9 /* deflate.c */; };
		414289D919F80EA500D2F7C9 /* gzclose.c in Sources */ = {isa = PBXBuildFile; fileRef = 4142899B19F80EA500D2F7C9 /* gzclose.c */; };
		414289DA19F80EA500D2F7C9 /* gzlib.c in Sources */ = {isa = PBXBuildFile; fileRef = 4142899D19F80EA500D2F7C9 /* gzlib.c */; };
		414289DB19F80EA500D2F7C9 /* gzread.c in Sources */ = {isa = PBXBuildFile; fileRef = 4142899E19F80EA500D2F7C9 /* gzread.c */; };
		414289DC19F80EA500D2F7C9 /* gzwrite.c in Sources */ = {isa = PBXBuildFile; fileRef = 4142899F19F80EA500D2F7C9 /* gzwrite.c */; };
		414289DD19F80EA500D2F7C9 /* infback.c in Sources */ = {isa = PBXBuildFile; fileRef = 414289A019F80EA500D2F7C9 /* infback.c */; };
		414289DE19F80EA500D2F7C9 /* inffast.c in Sources */ = {isa = PBXBuildFile; fileRef = 414289A119F80EA500D2F7C9 /* inffast.c */; };
		414289DF19F80EA500D2F7C9 /* inflate.c in Sources */ = {isa = PBXBuildFile; fileRef = 414289A419F80EA500D2F7C9 /* inflate.c */; };
		414289E019F80EA500D2F7C9 /* inftrees.c in Sources */ = {isa = PBXBuildFile; fileRef = 414289A619F80EA500D2F7C9 /* inftrees.c */; };
		414289E119F80EA500D2F7C9 /* trees.c in Sources */ = {isa = PBXBuildFile; fileRef = 414289A819F80EA500D2F7C9 /* trees.c */; };
		414289E219F80EA500D2F7C9 /* uncompr.c in Sources */ = {isa = PBXBuildFile; fileRef = 414289AA19F80EA500D2F7C9 /* uncompr.c */; };
		414289E319F80EA500D2F7C9 /* zutil.c in Sources */ = {isa = PBXBuildFile; fileRef = 414289AD19F80EA500D2F7C9 /* zutil.c */; };
		414289E919F8138500D2F7C9 /* DBG_Log.mm in Sources */ = {isa = PBXBuildFile; fileRef = 414289E619F8138500D2F7C9 /* DBG_Log.mm */; };
		414289EA19F8138500D2F7C9 /* SYS_GetFilesFromDirectory.cpp in Sources */ = {isa = PBXBuildFile; fileRef = 414289E719F8138500D2F7C9 /* SYS_GetFilesFromDirectory.cpp */; };
		414289ED19F81C3B00D2F7C9 /* GFX_ReadImage.cpp in Sources */ = {isa = PBXBuildFile; fileRef = 414289EB19F81C3B00D2F7C9 /* GFX_ReadImage.cpp */; };
		41428A4819F827D100D2F7C9 /* cdjpeg.c in Sources */ = {isa = PBXBuildFile; fileRef = 414289F119F827D100D2F7C9 /* cdjpeg.c */; };
		41428A4D19F827D100D2F7C9 /* jaricom.c in Sources */ = {isa = PBXBuildFile; fileRef = 414289F719F827D100D2F7C9 /* jaricom.c */; };
		41428A4E19F827D100D2F7C9 /* jcapimin.c in Sources */ = {isa = PBXBuildFile; fileRef = 414289F819F827D100D2F7C9 /* jcapimin.c */; };
		41428A4F19F827D100D2F7C9 /* jcapistd.c in Sources */ = {isa = PBXBuildFile; fileRef = 414289F919F827D100D2F7C9 /* jcapistd.c */; };
		41428A5019F827D100D2F7C9 /* jcarith.c in Sources */ = {isa = PBXBuildFile; fileRef = 414289FA19F827D100D2F7C9 /* jcarith.c */; };
		41428A5119F827D100D2F7C9 /* jccoefct.c in Sources */ = {isa = PBXBuildFile; fileRef = 414289FB19F827D100D2F7C9 /* jccoefct.c */; };
		41428A5219F827D100D2F7C9 /* jccolor.c in Sources */ = {isa = PBXBuildFile; fileRef = 414289FC19F827D100D2F7C9 /* jccolor.c */; };
		41428A5319F827D100D2F7C9 /* jcdctmgr.c in Sources */ = {isa = PBXBuildFile; fileRef = 414289FD19F827D100D2F7C9 /* jcdctmgr.c */; };
		41428A5419F827D100D2F7C9 /* jchuff.c in Sources */ = {isa = PBXBuildFile; fileRef = 414289FE19F827D100D2F7C9 /* jchuff.c */; };
		41428A5519F827D100D2F7C9 /* jcinit.c in Sources */ = {isa = PBXBuildFile; fileRef = 414289FF19F827D100D2F7C9 /* jcinit.c */; };
		41428A5619F827D100D2F7C9 /* jcmainct.c in Sources */ = {isa = PBXBuildFile; fileRef = 41428A0019F827D100D2F7C9 /* jcmainct.c */; };
		41428A5719F827D100D2F7C9 /* jcmarker.c in Sources */ = {isa = PBXBuildFile; fileRef = 41428A0119F827D100D2F7C9 /* jcmarker.c */; };
		41428A5819F827D100D2F7C9 /* jcmaster.c in Sources */ = {isa = PBXBuildFile; fileRef = 41428A0219F827D100D2F7C9 /* jcmaster.c */; };
		41428A5919F827D100D2F7C9 /* jcomapi.c in Sources */ = {isa = PBXBuildFile; fileRef = 41428A0319F827D100D2F7C9 /* jcomapi.c */; };
		41428A5A19F827D100D2F7C9 /* jcparam.c in Sources */ = {isa = PBXBuildFile; fileRef = 41428A0519F827D100D2F7C9 /* jcparam.c */; };
		41428A5B19F827D100D2F7C9 /* jcprepct.c in Sources */ = {isa = PBXBuildFile; fileRef = 41428A0619F827D100D2F7C9 /* jcprepct.c */; };
		41428A5C19F827D100D2F7C9 /* jcsample.c in Sources */ = {isa = PBXBuildFile; fileRef = 41428A0719F827D100D2F7C9 /* jcsample.c */; };
		41428A5D19F827D100D2F7C9 /* jctrans.c in Sources */ = {isa = PBXBuildFile; fileRef = 41428A0819F827D100D2F7C9 /* jctrans.c */; };
		41428A5E19F827D100D2F7C9 /* jdapimin.c in Sources */ = {isa = PBXBuildFile; fileRef = 41428A0919F827D100D2F7C9 /* jdapimin.c */; };
		41428A5F19F827D100D2F7C9 /* jdapistd.c in Sources */ = {isa = PBXBuildFile; fileRef = 41428A0A19F827D100D2F7C9 /* jdapistd.c */; };
		41428A6019F827D100D2F7C9 /* jdarith.c in Sources */ = {isa = PBXBuildFile; fileRef = 41428A0B19F827D100D2F7C9 /* jdarith.c */; };
		41428A6119F827D100D2F7C9 /* jdatadst.c in Sources */ = {isa = PBXBuildFile; fileRef = 41428A0C19F827D100D2F7C9 /* jdatadst.c */; };
		41428A6219F827D100D2F7C9 /* jdatasrc.c in Sources */ = {isa = PBXBuildFile; fileRef = 41428A0D19F827D100D2F7C9 /* jdatasrc.c */; };
		41428A6319F827D100D2F7C9 /* jdcoefct.c in Sources */ = {isa = PBXBuildFile; fileRef = 41428A0E19F827D100D2F7C9 /* jdcoefct.c */; };
		41428A6419F827D100D2F7C9 /* jdcolor.c in Sources */ = {isa = PBXBuildFile; fileRef = 41428A0F19F827D100D2F7C9 /* jdcolor.c */; };
		41428A6519F827D100D2F7C9 /* jddctmgr.c in Sources */ = {isa = PBXBuildFile; fileRef = 41428A1119F827D100D2F7C9 /* jddctmgr.c */; };
		41428A6619F827D100D2F7C9 /* jdhuff.c in Sources */ = {isa = PBXBuildFile; fileRef = 41428A1219F827D100D2F7C9 /* jdhuff.c */; };
		41428A6719F827D100D2F7C9 /* jdinput.c in Sources */ = {isa = PBXBuildFile; fileRef = 41428A1319F827D100D2F7C9 /* jdinput.c */; };
		41428A6819F827D100D2F7C9 /* jdmainct.c in Sources */ = {isa = PBXBuildFile; fileRef = 41428A1419F827D100D2F7C9 /* jdmainct.c */; };
		41428A6919F827D100D2F7C9 /* jdmarker.c in Sources */ = {isa = PBXBuildFile; fileRef = 41428A1519F827D100D2F7C9 /* jdmarker.c */; };
		41428A6A19F827D100D2F7C9 /* jdmaster.c in Sources */ = {isa = PBXBuildFile; fileRef = 41428A1619F827D100D2F7C9 /* jdmaster.c */; };
		41428A6B19F827D100D2F7C9 /* jdmerge.c in Sources */ = {isa = PBXBuildFile; fileRef = 41428A1719F827D100D2F7C9 /* jdmerge.c */; };
		41428A6C19F827D100D2F7C9 /* jdpostct.c in Sources */ = {isa = PBXBuildFile; fileRef = 41428A1819F827D100D2F7C9 /* jdpostct.c */; };
		41428A6D19F827D100D2F7C9 /* jdsample.c in Sources */ = {isa = PBXBuildFile; fileRef = 41428A1919F827D100D2F7C9 /* jdsample.c */; };
		41428A6E19F827D100D2F7C9 /* jdtrans.c in Sources */ = {isa = PBXBuildFile; fileRef = 41428A1A19F827D100D2F7C9 /* jdtrans.c */; };
		41428A6F19F827D100D2F7C9 /* jerror.c in Sources */ = {isa = PBXBuildFile; fileRef = 41428A1B19F827D100D2F7C9 /* jerror.c */; };
		41428A7019F827D100D2F7C9 /* jfdctflt.c in Sources */ = {isa = PBXBuildFile; fileRef = 41428A1D19F827D100D2F7C9 /* jfdctflt.c */; };
		41428A7119F827D100D2F7C9 /* jfdctfst.c in Sources */ = {isa = PBXBuildFile; fileRef = 41428A1E19F827D100D2F7C9 /* jfdctfst.c */; };
		41428A7219F827D100D2F7C9 /* jfdctint.c in Sources */ = {isa = PBXBuildFile; fileRef = 41428A1F19F827D100D2F7C9 /* jfdctint.c */; };
		41428A7319F827D100D2F7C9 /* jidctflt.c in Sources */ = {isa = PBXBuildFile; fileRef = 41428A2019F827D100D2F7C9 /* jidctflt.c */; };
		41428A7419F827D100D2F7C9 /* jidctfst.c in Sources */ = {isa = PBXBuildFile; fileRef = 41428A2119F827D100D2F7C9 /* jidctfst.c */; };
		41428A7519F827D100D2F7C9 /* jidctint.c in Sources */ = {isa = PBXBuildFile; fileRef = 41428A2219F827D100D2F7C9 /* jidctint.c */; };
		41428A7919F827D100D2F7C9 /* jmemmgr.c in Sources */ = {isa = PBXBuildFile; fileRef = 41428A2719F827D100D2F7C9 /* jmemmgr.c */; };
		41428A7D19F827D100D2F7C9 /* jquant1.c in Sources */ = {isa = PBXBuildFile; fileRef = 41428A2F19F827D100D2F7C9 /* jquant1.c */; };
		41428A7E19F827D100D2F7C9 /* jquant2.c in Sources */ = {isa = PBXBuildFile; fileRef = 41428A3019F827D100D2F7C9 /* jquant2.c */; };
		41428A7F19F827D100D2F7C9 /* jutils.c in Sources */ = {isa = PBXBuildFile; fileRef = 41428A3119F827D100D2F7C9 /* jutils.c */; };
		41428A8019F827D100D2F7C9 /* rdbmp.c in Sources */ = {isa = PBXBuildFile; fileRef = 41428A3319F827D100D2F7C9 /* rdbmp.c */; };
		41428A8119F827D100D2F7C9 /* rdcolmap.c in Sources */ = {isa = PBXBuildFile; fileRef = 41428A3419F827D100D2F7C9 /* rdcolmap.c */; };
		41428A8219F827D100D2F7C9 /* rdgif.c in Sources */ = {isa = PBXBuildFile; fileRef = 41428A3519F827D100D2F7C9 /* rdgif.c */; };
		41428A8419F827D100D2F7C9 /* rdppm.c in Sources */ = {isa = PBXBuildFile; fileRef = 41428A3719F827D100D2F7C9 /* rdppm.c */; };
		41428A8519F827D100D2F7C9 /* rdrle.c in Sources */ = {isa = PBXBuildFile; fileRef = 41428A3819F827D100D2F7C9 /* rdrle.c */; };
		41428A8619F827D100D2F7C9 /* rdswitch.c in Sources */ = {isa = PBXBuildFile; fileRef = 41428A3919F827D100D2F7C9 /* rdswitch.c */; };
		41428A8719F827D100D2F7C9 /* rdtarga.c in Sources */ = {isa = PBXBuildFile; fileRef = 41428A3A19F827D100D2F7C9 /* rdtarga.c */; };
		41428A8819F827D100D2F7C9 /* transupp.c in Sources */ = {isa = PBXBuildFile; fileRef = 41428A3B19F827D100D2F7C9 /* transupp.c */; };
		41428A8919F827D100D2F7C9 /* wrbmp.c in Sources */ = {isa = PBXBuildFile; fileRef = 41428A3D19F827D100D2F7C9 /* wrbmp.c */; };
		41428A8A19F827D100D2F7C9 /* wrgif.c in Sources */ = {isa = PBXBuildFile; fileRef = 41428A3E19F827D100D2F7C9 /* wrgif.c */; };
		41428A8C19F827D100D2F7C9 /* wrppm.c in Sources */ = {isa = PBXBuildFile; fileRef = 41428A4019F827D100D2F7C9 /* wrppm.c */; };
		41428A8D19F827D100D2F7C9 /* wrrle.c in Sources */ = {isa = PBXBuildFile; fileRef = 41428A4119F827D100D2F7C9 /* wrrle.c */; };
		41428A8E19F827D100D2F7C9 /* wrtarga.c in Sources */ = {isa = PBXBuildFile; fileRef = 41428A4219F827D100D2F7C9 /* wrtarga.c */; };
		41428A8F19F827D100D2F7C9 /* JPEGReader.cpp in Sources */ = {isa = PBXBuildFile; fileRef = 41428A4419F827D100D2F7C9 /* JPEGReader.cpp */; };
		41428A9019F827D100D2F7C9 /* JPEGWriter.cpp in Sources */ = {isa = PBXBuildFile; fileRef = 41428A4619F827D100D2F7C9 /* JPEGWriter.cpp */; };
		41428A9219F82CD800D2F7C9 /* jmemansi.c in Sources */ = {isa = PBXBuildFile; fileRef = 41428A9119F82CD800D2F7C9 /* jmemansi.c */; };
/* End PBXBuildFile section */

/* Begin PBXCopyFilesBuildPhase section */
		4142890619F80E5E00D2F7C9 /* CopyFiles */ = {
			isa = PBXCopyFilesBuildPhase;
			buildActionMask = 2147483647;
			dstPath = /usr/share/man/man1/;
			dstSubfolderSpec = 0;
			files = (
			);
			runOnlyForDeploymentPostprocessing = 1;
		};
/* End PBXCopyFilesBuildPhase section */

/* Begin PBXFileReference section */
		41193E8919FA95060027B007 /* CSlrImageDummy.h */ = {isa = PBXFileReference; fileEncoding = 4; lastKnownFileType = sourcecode.c.h; name = CSlrImageDummy.h; path = src/CSlrImageDummy.h; sourceTree = SOURCE_ROOT; };
		41193E8A19FA95060027B007 /* CSlrImageDummy.cpp */ = {isa = PBXFileReference; fileEncoding = 4; lastKnownFileType = sourcecode.cpp.cpp; name = CSlrImageDummy.cpp; path = src/CSlrImageDummy.cpp; sourceTree = SOURCE_ROOT; };
		411A4EB51A13B8890095EBF9 /* CSlrDate.cpp */ = {isa = PBXFileReference; fileEncoding = 4; lastKnownFileType = sourcecode.cpp.cpp; name = CSlrDate.cpp; path = src/CSlrDate.cpp; sourceTree = SOURCE_ROOT; };
		4142890819F80E5E00D2F7C9 /* DeployMaker */ = {isa = PBXFileReference; explicitFileType = "compiled.mach-o.executable"; includeInIndex = 0; path = DeployMaker; sourceTree = BUILT_PRODUCTS_DIR; };
		4142891419F80EA400D2F7C9 /* CByteBuffer.cpp */ = {isa = PBXFileReference; fileEncoding = 4; lastKnownFileType = sourcecode.cpp.cpp; name = CByteBuffer.cpp; path = src/CByteBuffer.cpp; sourceTree = SOURCE_ROOT; };
		4142891519F80EA400D2F7C9 /* CByteBuffer.h */ = {isa = PBXFileReference; fileEncoding = 4; lastKnownFileType = sourcecode.c.h; name = CByteBuffer.h; path = src/CByteBuffer.h; sourceTree = SOURCE_ROOT; };
		4142891719F80EA400D2F7C9 /* RES_DeployFile.cpp */ = {isa = PBXFileReference; fileEncoding = 4; lastKnownFileType = sourcecode.cpp.cpp; name = RES_DeployFile.cpp; path = src/RES_DeployFile.cpp; sourceTree = SOURCE_ROOT; };
		4142891819F80EA400D2F7C9 /* RES_DeployFile.h */ = {isa = PBXFileReference; fileEncoding = 4; lastKnownFileType = sourcecode.c.h; name = RES_DeployFile.h; path = src/RES_DeployFile.h; sourceTree = SOURCE_ROOT; };
		4142891919F80EA400D2F7C9 /* SYS_Defs.h */ = {isa = PBXFileReference; fileEncoding = 4; lastKnownFileType = sourcecode.c.h; name = SYS_Defs.h; path = src/SYS_Defs.h; sourceTree = SOURCE_ROOT; };
		4142891A19F80EA400D2F7C9 /* SYS_Funct.cpp */ = {isa = PBXFileReference; fileEncoding = 4; lastKnownFileType = sourcecode.cpp.cpp; name = SYS_Funct.cpp; path = src/SYS_Funct.cpp; sourceTree = SOURCE_ROOT; };
		4142891B19F80EA400D2F7C9 /* SYS_Funct.h */ = {isa = PBXFileReference; fileEncoding = 4; lastKnownFileType = sourcecode.c.h; name = SYS_Funct.h; path = src/SYS_Funct.h; sourceTree = SOURCE_ROOT; };
		4142891C19F80EA400D2F7C9 /* SYS_Main.cpp */ = {isa = PBXFileReference; fileEncoding = 4; lastKnownFileType = sourcecode.cpp.cpp; name = SYS_Main.cpp; path = src/SYS_Main.cpp; sourceTree = SOURCE_ROOT; };
		4142891D19F80EA400D2F7C9 /* SYS_Main.h */ = {isa = PBXFileReference; fileEncoding = 4; lastKnownFileType = sourcecode.c.h; name = SYS_Main.h; path = src/SYS_Main.h; sourceTree = SOURCE_ROOT; };
		4142891E19F80EA400D2F7C9 /* SYS_Startup.cpp */ = {isa = PBXFileReference; fileEncoding = 4; lastKnownFileType = sourcecode.cpp.cpp; name = SYS_Startup.cpp; path = src/SYS_Startup.cpp; sourceTree = SOURCE_ROOT; };
		4142892019F80EA400D2F7C9 /* common.h */ = {isa = PBXFileReference; fileEncoding = 4; lastKnownFileType = sourcecode.c.h; path = common.h; sourceTree = "<group>"; };
		4142892119F80EA400D2F7C9 /* Compress.cpp */ = {isa = PBXFileReference; fileEncoding = 4; lastKnownFileType = sourcecode.cpp.cpp; path = Compress.cpp; sourceTree = "<group>"; };
		4142892219F80EA400D2F7C9 /* Compress.h */ = {isa = PBXFileReference; fileEncoding = 4; lastKnownFileType = sourcecode.c.h; path = Compress.h; sourceTree = "<group>"; };
		4142892319F80EA400D2F7C9 /* Decompress.cpp */ = {isa = PBXFileReference; fileEncoding = 4; lastKnownFileType = sourcecode.cpp.cpp; path = Decompress.cpp; sourceTree = "<group>"; };
		4142892419F80EA400D2F7C9 /* Decompress.h */ = {isa = PBXFileReference; fileEncoding = 4; lastKnownFileType = sourcecode.c.h; path = Decompress.h; sourceTree = "<group>"; };
		4142892519F80EA400D2F7C9 /* example.cpp */ = {isa = PBXFileReference; fileEncoding = 4; lastKnownFileType = sourcecode.cpp.cpp; path = example.cpp; sourceTree = "<group>"; };
		4142892619F80EA400D2F7C9 /* CSegmentedObject.h */ = {isa = PBXFileReference; fileEncoding = 4; lastKnownFileType = sourcecode.c.h; name = CSegmentedObject.h; path = src/CSegmentedObject.h; sourceTree = SOURCE_ROOT; };
		4142892719F80EA400D2F7C9 /* CSlrFile.cpp */ = {isa = PBXFileReference; fileEncoding = 4; lastKnownFileType = sourcecode.cpp.cpp; name = CSlrFile.cpp; path = src/CSlrFile.cpp; sourceTree = SOURCE_ROOT; };
		4142892819F80EA400D2F7C9 /* CSlrFile.h */ = {isa = PBXFileReference; fileEncoding = 4; lastKnownFileType = sourcecode.c.h; name = CSlrFile.h; path = src/CSlrFile.h; sourceTree = SOURCE_ROOT; };
		4142892919F80EA400D2F7C9 /* CSlrFileFromSystem.cpp */ = {isa = PBXFileReference; fileEncoding = 4; lastKnownFileType = sourcecode.cpp.cpp; name = CSlrFileFromSystem.cpp; path = src/CSlrFileFromSystem.cpp; sourceTree = SOURCE_ROOT; };
		4142892A19F80EA400D2F7C9 /* CSlrFileFromSystem.h */ = {isa = PBXFileReference; fileEncoding = 4; lastKnownFileType = sourcecode.c.h; name = CSlrFileFromSystem.h; path = src/CSlrFileFromSystem.h; sourceTree = SOURCE_ROOT; };
		4142892C19F80EA400D2F7C9 /* GFX_Types.h */ = {isa = PBXFileReference; fileEncoding = 4; lastKnownFileType = sourcecode.c.h; name = GFX_Types.h; path = src/GFX_Types.h; sourceTree = SOURCE_ROOT; };
		4142892D19F80EA400D2F7C9 /* GFX_WriteImage.cpp */ = {isa = PBXFileReference; fileEncoding = 4; lastKnownFileType = sourcecode.cpp.cpp; name = GFX_WriteImage.cpp; path = src/GFX_WriteImage.cpp; sourceTree = SOURCE_ROOT; };
		4142892E19F80EA400D2F7C9 /* GFX_WriteImage.h */ = {isa = PBXFileReference; fileEncoding = 4; lastKnownFileType = sourcecode.c.h; name = GFX_WriteImage.h; path = src/GFX_WriteImage.h; sourceTree = SOURCE_ROOT; };
		4142893019F80EA400D2F7C9 /* CBufferOffsets.cpp */ = {isa = PBXFileReference; fileEncoding = 4; lastKnownFileType = sourcecode.cpp.cpp; path = CBufferOffsets.cpp; sourceTree = "<group>"; };
		4142893119F80EA400D2F7C9 /* CBufferOffsets.h */ = {isa = PBXFileReference; fileEncoding = 4; lastKnownFileType = sourcecode.c.h; path = CBufferOffsets.h; sourceTree = "<group>"; };
		4142893219F80EA400D2F7C9 /* CImageData.cpp */ = {isa = PBXFileReference; fileEncoding = 4; lastKnownFileType = sourcecode.cpp.cpp; path = CImageData.cpp; sourceTree = "<group>"; };
		4142893319F80EA400D2F7C9 /* CImageData.h */ = {isa = PBXFileReference; fileEncoding = 4; lastKnownFileType = sourcecode.c.h; path = CImageData.h; sourceTree = "<group>"; };
		4142893419F80EA400D2F7C9 /* CImageKernel.cpp */ = {isa = PBXFileReference; fileEncoding = 4; lastKnownFileType = sourcecode.cpp.cpp; path = CImageKernel.cpp; sourceTree = "<group>"; };
		4142893519F80EA400D2F7C9 /* CImageKernel.h */ = {isa = PBXFileReference; fileEncoding = 4; lastKnownFileType = sourcecode.c.h; path = CImageKernel.h; sourceTree = "<group>"; };
		4142893619F80EA400D2F7C9 /* IMG_Filters.cpp */ = {isa = PBXFileReference; fileEncoding = 4; lastKnownFileType = sourcecode.cpp.cpp; path = IMG_Filters.cpp; sourceTree = "<group>"; };
		4142893719F80EA400D2F7C9 /* IMG_Filters.h */ = {isa = PBXFileReference; fileEncoding = 4; lastKnownFileType = sourcecode.c.h; path = IMG_Filters.h; sourceTree = "<group>"; };
		4142893819F80EA400D2F7C9 /* IMG_HoughLines.cpp */ = {isa = PBXFileReference; fileEncoding = 4; lastKnownFileType = sourcecode.cpp.cpp; path = IMG_HoughLines.cpp; sourceTree = "<group>"; };
		4142893919F80EA500D2F7C9 /* IMG_HoughLines.h */ = {isa = PBXFileReference; fileEncoding = 4; lastKnownFileType = sourcecode.c.h; path = IMG_HoughLines.h; sourceTree = "<group>"; };
		4142893A19F80EA500D2F7C9 /* IMG_Scale.cpp */ = {isa = PBXFileReference; fileEncoding = 4; lastKnownFileType = sourcecode.cpp.cpp; path = IMG_Scale.cpp; sourceTree = "<group>"; };
		4142893B19F80EA500D2F7C9 /* IMG_Scale.h */ = {isa = PBXFileReference; fileEncoding = 4; lastKnownFileType = sourcecode.c.h; path = IMG_Scale.h; sourceTree = "<group>"; };
		4142893D19F80EA500D2F7C9 /* resampler.cpp */ = {isa = PBXFileReference; fileEncoding = 4; lastKnownFileType = sourcecode.cpp.cpp; path = resampler.cpp; sourceTree = "<group>"; };
		4142893E19F80EA500D2F7C9 /* resampler.h */ = {isa = PBXFileReference; fileEncoding = 4; lastKnownFileType = sourcecode.c.h; path = resampler.h; sourceTree = "<group>"; };
		4142893F19F80EA500D2F7C9 /* stb_image.h */ = {isa = PBXFileReference; fileEncoding = 4; lastKnownFileType = sourcecode.c.h; path = stb_image.h; sourceTree = "<group>"; };
		4142894119F80EA500D2F7C9 /* png.c */ = {isa = PBXFileReference; fileEncoding = 4; lastKnownFileType = sourcecode.c.c; path = png.c; sourceTree = "<group>"; };
		4142894219F80EA500D2F7C9 /* png.h */ = {isa = PBXFileReference; fileEncoding = 4; lastKnownFileType = sourcecode.c.h; path = png.h; sourceTree = "<group>"; };
		4142894319F80EA500D2F7C9 /* pngconf.h */ = {isa = PBXFileReference; fileEncoding = 4; lastKnownFileType = sourcecode.c.h; path = pngconf.h; sourceTree = "<group>"; };
		4142894419F80EA500D2F7C9 /* pngdebug.h */ = {isa = PBXFileReference; fileEncoding = 4; lastKnownFileType = sourcecode.c.h; path = pngdebug.h; sourceTree = "<group>"; };
		4142894519F80EA500D2F7C9 /* pngerror.c */ = {isa = PBXFileReference; fileEncoding = 4; lastKnownFileType = sourcecode.c.c; path = pngerror.c; sourceTree = "<group>"; };
		4142894619F80EA500D2F7C9 /* pngget.c */ = {isa = PBXFileReference; fileEncoding = 4; lastKnownFileType = sourcecode.c.c; path = pngget.c; sourceTree = "<group>"; };
		4142894719F80EA500D2F7C9 /* pnginfo.h */ = {isa = PBXFileReference; fileEncoding = 4; lastKnownFileType = sourcecode.c.h; path = pnginfo.h; sourceTree = "<group>"; };
		4142894819F80EA500D2F7C9 /* pnglibconf.h */ = {isa = PBXFileReference; fileEncoding = 4; lastKnownFileType = sourcecode.c.h; path = pnglibconf.h; sourceTree = "<group>"; };
		4142894919F80EA500D2F7C9 /* pngmem.c */ = {isa = PBXFileReference; fileEncoding = 4; lastKnownFileType = sourcecode.c.c; path = pngmem.c; sourceTree = "<group>"; };
		4142894A19F80EA500D2F7C9 /* pngpread.c */ = {isa = PBXFileReference; fileEncoding = 4; lastKnownFileType = sourcecode.c.c; path = pngpread.c; sourceTree = "<group>"; };
		4142894B19F80EA500D2F7C9 /* pngpriv.h */ = {isa = PBXFileReference; fileEncoding = 4; lastKnownFileType = sourcecode.c.h; path = pngpriv.h; sourceTree = "<group>"; };
		4142894C19F80EA500D2F7C9 /* pngread.c */ = {isa = PBXFileReference; fileEncoding = 4; lastKnownFileType = sourcecode.c.c; path = pngread.c; sourceTree = "<group>"; };
		4142894D19F80EA500D2F7C9 /* pngrio.c */ = {isa = PBXFileReference; fileEncoding = 4; lastKnownFileType = sourcecode.c.c; path = pngrio.c; sourceTree = "<group>"; };
		4142894E19F80EA500D2F7C9 /* pngrtran.c */ = {isa = PBXFileReference; fileEncoding = 4; lastKnownFileType = sourcecode.c.c; path = pngrtran.c; sourceTree = "<group>"; };
		4142894F19F80EA500D2F7C9 /* pngrutil.c */ = {isa = PBXFileReference; fileEncoding = 4; lastKnownFileType = sourcecode.c.c; path = pngrutil.c; sourceTree = "<group>"; };
		4142895019F80EA500D2F7C9 /* pngset.c */ = {isa = PBXFileReference; fileEncoding = 4; lastKnownFileType = sourcecode.c.c; path = pngset.c; sourceTree = "<group>"; };
		4142895119F80EA500D2F7C9 /* pngstruct.h */ = {isa = PBXFileReference; fileEncoding = 4; lastKnownFileType = sourcecode.c.h; path = pngstruct.h; sourceTree = "<group>"; };
		4142895219F80EA500D2F7C9 /* pngtrans.c */ = {isa = PBXFileReference; fileEncoding = 4; lastKnownFileType = sourcecode.c.c; path = pngtrans.c; sourceTree = "<group>"; };
		4142895319F80EA500D2F7C9 /* pngwio.c */ = {isa = PBXFileReference; fileEncoding = 4; lastKnownFileType = sourcecode.c.c; path = pngwio.c; sourceTree = "<group>"; };
		4142895419F80EA500D2F7C9 /* pngwrite.c */ = {isa = PBXFileReference; fileEncoding = 4; lastKnownFileType = sourcecode.c.c; path = pngwrite.c; sourceTree = "<group>"; };
		4142895519F80EA500D2F7C9 /* pngwtran.c */ = {isa = PBXFileReference; fileEncoding = 4; lastKnownFileType = sourcecode.c.c; path = pngwtran.c; sourceTree = "<group>"; };
		4142895619F80EA500D2F7C9 /* pngwutil.c */ = {isa = PBXFileReference; fileEncoding = 4; lastKnownFileType = sourcecode.c.c; path = pngwutil.c; sourceTree = "<group>"; };
		4142899519F80EA500D2F7C9 /* adler32.c */ = {isa = PBXFileReference; fileEncoding = 4; lastKnownFileType = sourcecode.c.c; path = adler32.c; sourceTree = "<group>"; };
		4142899619F80EA500D2F7C9 /* compress.c */ = {isa = PBXFileReference; fileEncoding = 4; lastKnownFileType = sourcecode.c.c; path = compress.c; sourceTree = "<group>"; };
		4142899719F80EA500D2F7C9 /* crc32.c */ = {isa = PBXFileReference; fileEncoding = 4; lastKnownFileType = sourcecode.c.c; path = crc32.c; sourceTree = "<group>"; };
		4142899819F80EA500D2F7C9 /* crc32.h */ = {isa = PBXFileReference; fileEncoding = 4; lastKnownFileType = sourcecode.c.h; path = crc32.h; sourceTree = "<group>"; };
		4142899919F80EA500D2F7C9 /* deflate.c */ = {isa = PBXFileReference; fileEncoding = 4; lastKnownFileType = sourcecode.c.c; path = deflate.c; sourceTree = "<group>"; };
		4142899A19F80EA500D2F7C9 /* deflate.h */ = {isa = PBXFileReference; fileEncoding = 4; lastKnownFileType = sourcecode.c.h; path = deflate.h; sourceTree = "<group>"; };
		4142899B19F80EA500D2F7C9 /* gzclose.c */ = {isa = PBXFileReference; fileEncoding = 4; lastKnownFileType = sourcecode.c.c; path = gzclose.c; sourceTree = "<group>"; };
		4142899C19F80EA500D2F7C9 /* gzguts.h */ = {isa = PBXFileReference; fileEncoding = 4; lastKnownFileType = sourcecode.c.h; path = gzguts.h; sourceTree = "<group>"; };
		4142899D19F80EA500D2F7C9 /* gzlib.c */ = {isa = PBXFileReference; fileEncoding = 4; lastKnownFileType = sourcecode.c.c; path = gzlib.c; sourceTree = "<group>"; };
		4142899E19F80EA500D2F7C9 /* gzread.c */ = {isa = PBXFileReference; fileEncoding = 4; lastKnownFileType = sourcecode.c.c; path = gzread.c; sourceTree = "<group>"; };
		4142899F19F80EA500D2F7C9 /* gzwrite.c */ = {isa = PBXFileReference; fileEncoding = 4; lastKnownFileType = sourcecode.c.c; path = gzwrite.c; sourceTree = "<group>"; };
		414289A019F80EA500D2F7C9 /* infback.c */ = {isa = PBXFileReference; fileEncoding = 4; lastKnownFileType = sourcecode.c.c; path = infback.c; sourceTree = "<group>"; };
		414289A119F80EA500D2F7C9 /* inffast.c */ = {isa = PBXFileReference; fileEncoding = 4; lastKnownFileType = sourcecode.c.c; path = inffast.c; sourceTree = "<group>"; };
		414289A219F80EA500D2F7C9 /* inffast.h */ = {isa = PBXFileReference; fileEncoding = 4; lastKnownFileType = sourcecode.c.h; path = inffast.h; sourceTree = "<group>"; };
		414289A319F80EA500D2F7C9 /* inffixed.h */ = {isa = PBXFileReference; fileEncoding = 4; lastKnownFileType = sourcecode.c.h; path = inffixed.h; sourceTree = "<group>"; };
		414289A419F80EA500D2F7C9 /* inflate.c */ = {isa = PBXFileReference; fileEncoding = 4; lastKnownFileType = sourcecode.c.c; path = inflate.c; sourceTree = "<group>"; };
		414289A519F80EA500D2F7C9 /* inflate.h */ = {isa = PBXFileReference; fileEncoding = 4; lastKnownFileType = sourcecode.c.h; path = inflate.h; sourceTree = "<group>"; };
		414289A619F80EA500D2F7C9 /* inftrees.c */ = {isa = PBXFileReference; fileEncoding = 4; lastKnownFileType = sourcecode.c.c; path = inftrees.c; sourceTree = "<group>"; };
		414289A719F80EA500D2F7C9 /* inftrees.h */ = {isa = PBXFileReference; fileEncoding = 4; lastKnownFileType = sourcecode.c.h; path = inftrees.h; sourceTree = "<group>"; };
		414289A819F80EA500D2F7C9 /* trees.c */ = {isa = PBXFileReference; fileEncoding = 4; lastKnownFileType = sourcecode.c.c; path = trees.c; sourceTree = "<group>"; };
		414289A919F80EA500D2F7C9 /* trees.h */ = {isa = PBXFileReference; fileEncoding = 4; lastKnownFileType = sourcecode.c.h; path = trees.h; sourceTree = "<group>"; };
		414289AA19F80EA500D2F7C9 /* uncompr.c */ = {isa = PBXFileReference; fileEncoding = 4; lastKnownFileType = sourcecode.c.c; path = uncompr.c; sourceTree = "<group>"; };
		414289AB19F80EA500D2F7C9 /* zconf.h */ = {isa = PBXFileReference; fileEncoding = 4; lastKnownFileType = sourcecode.c.h; path = zconf.h; sourceTree = "<group>"; };
		414289AC19F80EA500D2F7C9 /* zlib.h */ = {isa = PBXFileReference; fileEncoding = 4; lastKnownFileType = sourcecode.c.h; path = zlib.h; sourceTree = "<group>"; };
		414289AD19F80EA500D2F7C9 /* zutil.c */ = {isa = PBXFileReference; fileEncoding = 4; lastKnownFileType = sourcecode.c.c; path = zutil.c; sourceTree = "<group>"; };
		414289AE19F80EA500D2F7C9 /* zutil.h */ = {isa = PBXFileReference; fileEncoding = 4; lastKnownFileType = sourcecode.c.h; path = zutil.h; sourceTree = "<group>"; };
		414289E519F8138500D2F7C9 /* DBG_Log.h */ = {isa = PBXFileReference; fileEncoding = 4; lastKnownFileType = sourcecode.c.h; path = DBG_Log.h; sourceTree = "<group>"; };
		414289E619F8138500D2F7C9 /* DBG_Log.mm */ = {isa = PBXFileReference; fileEncoding = 4; lastKnownFileType = sourcecode.cpp.objcpp; path = DBG_Log.mm; sourceTree = "<group>"; };
		414289E719F8138500D2F7C9 /* SYS_GetFilesFromDirectory.cpp */ = {isa = PBXFileReference; fileEncoding = 4; lastKnownFileType = sourcecode.cpp.cpp; path = SYS_GetFilesFromDirectory.cpp; sourceTree = "<group>"; };
		414289E819F8138500D2F7C9 /* SYS_GetFilesFromDirectory.h */ = {isa = PBXFileReference; fileEncoding = 4; lastKnownFileType = sourcecode.c.h; path = SYS_GetFilesFromDirectory.h; sourceTree = "<group>"; };
		414289EB19F81C3B00D2F7C9 /* GFX_ReadImage.cpp */ = {isa = PBXFileReference; fileEncoding = 4; lastKnownFileType = sourcecode.cpp.cpp; name = GFX_ReadImage.cpp; path = src/GFX_ReadImage.cpp; sourceTree = SOURCE_ROOT; };
		414289EC19F81C3B00D2F7C9 /* GFX_ReadImage.h */ = {isa = PBXFileReference; fileEncoding = 4; lastKnownFileType = sourcecode.c.h; name = GFX_ReadImage.h; path = src/GFX_ReadImage.h; sourceTree = SOURCE_ROOT; };
		414289F019F827D100D2F7C9 /* cderror.h */ = {isa = PBXFileReference; fileEncoding = 4; lastKnownFileType = sourcecode.c.h; path = cderror.h; sourceTree = "<group>"; };
		414289F119F827D100D2F7C9 /* cdjpeg.c */ = {isa = PBXFileReference; fileEncoding = 4; lastKnownFileType = sourcecode.c.c; path = cdjpeg.c; sourceTree = "<group>"; };
		414289F219F827D100D2F7C9 /* cdjpeg.h */ = {isa = PBXFileReference; fileEncoding = 4; lastKnownFileType = sourcecode.c.h; path = cdjpeg.h; sourceTree = "<group>"; };
		414289F719F827D100D2F7C9 /* jaricom.c */ = {isa = PBXFileReference; fileEncoding = 4; lastKnownFileType = sourcecode.c.c; path = jaricom.c; sourceTree = "<group>"; };
		414289F819F827D100D2F7C9 /* jcapimin.c */ = {isa = PBXFileReference; fileEncoding = 4; lastKnownFileType = sourcecode.c.c; path = jcapimin.c; sourceTree = "<group>"; };
		414289F919F827D100D2F7C9 /* jcapistd.c */ = {isa = PBXFileReference; fileEncoding = 4; lastKnownFileType = sourcecode.c.c; path = jcapistd.c; sourceTree = "<group>"; };
		414289FA19F827D100D2F7C9 /* jcarith.c */ = {isa = PBXFileReference; fileEncoding = 4; lastKnownFileType = sourcecode.c.c; path = jcarith.c; sourceTree = "<group>"; };
		414289FB19F827D100D2F7C9 /* jccoefct.c */ = {isa = PBXFileReference; fileEncoding = 4; lastKnownFileType = sourcecode.c.c; path = jccoefct.c; sourceTree = "<group>"; };
		414289FC19F827D100D2F7C9 /* jccolor.c */ = {isa = PBXFileReference; fileEncoding = 4; lastKnownFileType = sourcecode.c.c; path = jccolor.c; sourceTree = "<group>"; };
		414289FD19F827D100D2F7C9 /* jcdctmgr.c */ = {isa = PBXFileReference; fileEncoding = 4; lastKnownFileType = sourcecode.c.c; path = jcdctmgr.c; sourceTree = "<group>"; };
		414289FE19F827D100D2F7C9 /* jchuff.c */ = {isa = PBXFileReference; fileEncoding = 4; lastKnownFileType = sourcecode.c.c; path = jchuff.c; sourceTree = "<group>"; };
		414289FF19F827D100D2F7C9 /* jcinit.c */ = {isa = PBXFileReference; fileEncoding = 4; lastKnownFileType = sourcecode.c.c; path = jcinit.c; sourceTree = "<group>"; };
		41428A0019F827D100D2F7C9 /* jcmainct.c */ = {isa = PBXFileReference; fileEncoding = 4; lastKnownFileType = sourcecode.c.c; path = jcmainct.c; sourceTree = "<group>"; };
		41428A0119F827D100D2F7C9 /* jcmarker.c */ = {isa = PBXFileReference; fileEncoding = 4; lastKnownFileType = sourcecode.c.c; path = jcmarker.c; sourceTree = "<group>"; };
		41428A0219F827D100D2F7C9 /* jcmaster.c */ = {isa = PBXFileReference; fileEncoding = 4; lastKnownFileType = sourcecode.c.c; path = jcmaster.c; sourceTree = "<group>"; };
		41428A0319F827D100D2F7C9 /* jcomapi.c */ = {isa = PBXFileReference; fileEncoding = 4; lastKnownFileType = sourcecode.c.c; path = jcomapi.c; sourceTree = "<group>"; };
		41428A0419F827D100D2F7C9 /* jconfig.h */ = {isa = PBXFileReference; fileEncoding = 4; lastKnownFileType = sourcecode.c.h; path = jconfig.h; sourceTree = "<group>"; };
		41428A0519F827D100D2F7C9 /* jcparam.c */ = {isa = PBXFileReference; fileEncoding = 4; lastKnownFileType = sourcecode.c.c; path = jcparam.c; sourceTree = "<group>"; };
		41428A0619F827D100D2F7C9 /* jcprepct.c */ = {isa = PBXFileReference; fileEncoding = 4; lastKnownFileType = sourcecode.c.c; path = jcprepct.c; sourceTree = "<group>"; };
		41428A0719F827D100D2F7C9 /* jcsample.c */ = {isa = PBXFileReference; fileEncoding = 4; lastKnownFileType = sourcecode.c.c; path = jcsample.c; sourceTree = "<group>"; };
		41428A0819F827D100D2F7C9 /* jctrans.c */ = {isa = PBXFileReference; fileEncoding = 4; lastKnownFileType = sourcecode.c.c; path = jctrans.c; sourceTree = "<group>"; };
		41428A0919F827D100D2F7C9 /* jdapimin.c */ = {isa = PBXFileReference; fileEncoding = 4; lastKnownFileType = sourcecode.c.c; path = jdapimin.c; sourceTree = "<group>"; };
		41428A0A19F827D100D2F7C9 /* jdapistd.c */ = {isa = PBXFileReference; fileEncoding = 4; lastKnownFileType = sourcecode.c.c; path = jdapistd.c; sourceTree = "<group>"; };
		41428A0B19F827D100D2F7C9 /* jdarith.c */ = {isa = PBXFileReference; fileEncoding = 4; lastKnownFileType = sourcecode.c.c; path = jdarith.c; sourceTree = "<group>"; };
		41428A0C19F827D100D2F7C9 /* jdatadst.c */ = {isa = PBXFileReference; fileEncoding = 4; lastKnownFileType = sourcecode.c.c; path = jdatadst.c; sourceTree = "<group>"; };
		41428A0D19F827D100D2F7C9 /* jdatasrc.c */ = {isa = PBXFileReference; fileEncoding = 4; lastKnownFileType = sourcecode.c.c; path = jdatasrc.c; sourceTree = "<group>"; };
		41428A0E19F827D100D2F7C9 /* jdcoefct.c */ = {isa = PBXFileReference; fileEncoding = 4; lastKnownFileType = sourcecode.c.c; path = jdcoefct.c; sourceTree = "<group>"; };
		41428A0F19F827D100D2F7C9 /* jdcolor.c */ = {isa = PBXFileReference; fileEncoding = 4; lastKnownFileType = sourcecode.c.c; path = jdcolor.c; sourceTree = "<group>"; };
		41428A1019F827D100D2F7C9 /* jdct.h */ = {isa = PBXFileReference; fileEncoding = 4; lastKnownFileType = sourcecode.c.h; path = jdct.h; sourceTree = "<group>"; };
		41428A1119F827D100D2F7C9 /* jddctmgr.c */ = {isa = PBXFileReference; fileEncoding = 4; lastKnownFileType = sourcecode.c.c; path = jddctmgr.c; sourceTree = "<group>"; };
		41428A1219F827D100D2F7C9 /* jdhuff.c */ = {isa = PBXFileReference; fileEncoding = 4; lastKnownFileType = sourcecode.c.c; path = jdhuff.c; sourceTree = "<group>"; };
		41428A1319F827D100D2F7C9 /* jdinput.c */ = {isa = PBXFileReference; fileEncoding = 4; lastKnownFileType = sourcecode.c.c; path = jdinput.c; sourceTree = "<group>"; };
		41428A1419F827D100D2F7C9 /* jdmainct.c */ = {isa = PBXFileReference; fileEncoding = 4; lastKnownFileType = sourcecode.c.c; path = jdmainct.c; sourceTree = "<group>"; };
		41428A1519F827D100D2F7C9 /* jdmarker.c */ = {isa = PBXFileReference; fileEncoding = 4; lastKnownFileType = sourcecode.c.c; path = jdmarker.c; sourceTree = "<group>"; };
		41428A1619F827D100D2F7C9 /* jdmaster.c */ = {isa = PBXFileReference; fileEncoding = 4; lastKnownFileType = sourcecode.c.c; path = jdmaster.c; sourceTree = "<group>"; };
		41428A1719F827D100D2F7C9 /* jdmerge.c */ = {isa = PBXFileReference; fileEncoding = 4; lastKnownFileType = sourcecode.c.c; path = jdmerge.c; sourceTree = "<group>"; };
		41428A1819F827D100D2F7C9 /* jdpostct.c */ = {isa = PBXFileReference; fileEncoding = 4; lastKnownFileType = sourcecode.c.c; path = jdpostct.c; sourceTree = "<group>"; };
		41428A1919F827D100D2F7C9 /* jdsample.c */ = {isa = PBXFileReference; fileEncoding = 4; lastKnownFileType = sourcecode.c.c; path = jdsample.c; sourceTree = "<group>"; };
		41428A1A19F827D100D2F7C9 /* jdtrans.c */ = {isa = PBXFileReference; fileEncoding = 4; lastKnownFileType = sourcecode.c.c; path = jdtrans.c; sourceTree = "<group>"; };
		41428A1B19F827D100D2F7C9 /* jerror.c */ = {isa = PBXFileReference; fileEncoding = 4; lastKnownFileType = sourcecode.c.c; path = jerror.c; sourceTree = "<group>"; };
		41428A1C19F827D100D2F7C9 /* jerror.h */ = {isa = PBXFileReference; fileEncoding = 4; lastKnownFileType = sourcecode.c.h; path = jerror.h; sourceTree = "<group>"; };
		41428A1D19F827D100D2F7C9 /* jfdctflt.c */ = {isa = PBXFileReference; fileEncoding = 4; lastKnownFileType = sourcecode.c.c; path = jfdctflt.c; sourceTree = "<group>"; };
		41428A1E19F827D100D2F7C9 /* jfdctfst.c */ = {isa = PBXFileReference; fileEncoding = 4; lastKnownFileType = sourcecode.c.c; path = jfdctfst.c; sourceTree = "<group>"; };
		41428A1F19F827D100D2F7C9 /* jfdctint.c */ = {isa = PBXFileReference; fileEncoding = 4; lastKnownFileType = sourcecode.c.c; path = jfdctint.c; sourceTree = "<group>"; };
		41428A2019F827D100D2F7C9 /* jidctflt.c */ = {isa = PBXFileReference; fileEncoding = 4; lastKnownFileType = sourcecode.c.c; path = jidctflt.c; sourceTree = "<group>"; };
		41428A2119F827D100D2F7C9 /* jidctfst.c */ = {isa = PBXFileReference; fileEncoding = 4; lastKnownFileType = sourcecode.c.c; path = jidctfst.c; sourceTree = "<group>"; };
		41428A2219F827D100D2F7C9 /* jidctint.c */ = {isa = PBXFileReference; fileEncoding = 4; lastKnownFileType = sourcecode.c.c; path = jidctint.c; sourceTree = "<group>"; };
		41428A2319F827D100D2F7C9 /* jinclude.h */ = {isa = PBXFileReference; fileEncoding = 4; lastKnownFileType = sourcecode.c.h; path = jinclude.h; sourceTree = "<group>"; };
		41428A2719F827D100D2F7C9 /* jmemmgr.c */ = {isa = PBXFileReference; fileEncoding = 4; lastKnownFileType = sourcecode.c.c; path = jmemmgr.c; sourceTree = "<group>"; };
		41428A2A19F827D100D2F7C9 /* jmemsys.h */ = {isa = PBXFileReference; fileEncoding = 4; lastKnownFileType = sourcecode.c.h; path = jmemsys.h; sourceTree = "<group>"; };
		41428A2B19F827D100D2F7C9 /* jmorecfg.h */ = {isa = PBXFileReference; fileEncoding = 4; lastKnownFileType = sourcecode.c.h; path = jmorecfg.h; sourceTree = "<group>"; };
		41428A2C19F827D100D2F7C9 /* jpegint.h */ = {isa = PBXFileReference; fileEncoding = 4; lastKnownFileType = sourcecode.c.h; path = jpegint.h; sourceTree = "<group>"; };
		41428A2D19F827D100D2F7C9 /* jpeglib.h */ = {isa = PBXFileReference; fileEncoding = 4; lastKnownFileType = sourcecode.c.h; path = jpeglib.h; sourceTree = "<group>"; };
		41428A2F19F827D100D2F7C9 /* jquant1.c */ = {isa = PBXFileReference; fileEncoding = 4; lastKnownFileType = sourcecode.c.c; path = jquant1.c; sourceTree = "<group>"; };
		41428A3019F827D100D2F7C9 /* jquant2.c */ = {isa = PBXFileReference; fileEncoding = 4; lastKnownFileType = sourcecode.c.c; path = jquant2.c; sourceTree = "<group>"; };
		41428A3119F827D100D2F7C9 /* jutils.c */ = {isa = PBXFileReference; fileEncoding = 4; lastKnownFileType = sourcecode.c.c; path = jutils.c; sourceTree = "<group>"; };
		41428A3219F827D100D2F7C9 /* jversion.h */ = {isa = PBXFileReference; fileEncoding = 4; lastKnownFileType = sourcecode.c.h; path = jversion.h; sourceTree = "<group>"; };
		41428A3319F827D100D2F7C9 /* rdbmp.c */ = {isa = PBXFileReference; fileEncoding = 4; lastKnownFileType = sourcecode.c.c; path = rdbmp.c; sourceTree = "<group>"; };
		41428A3419F827D100D2F7C9 /* rdcolmap.c */ = {isa = PBXFileReference; fileEncoding = 4; lastKnownFileType = sourcecode.c.c; path = rdcolmap.c; sourceTree = "<group>"; };
		41428A3519F827D100D2F7C9 /* rdgif.c */ = {isa = PBXFileReference; fileEncoding = 4; lastKnownFileType = sourcecode.c.c; path = rdgif.c; sourceTree = "<group>"; };
		41428A3719F827D100D2F7C9 /* rdppm.c */ = {isa = PBXFileReference; fileEncoding = 4; lastKnownFileType = sourcecode.c.c; path = rdppm.c; sourceTree = "<group>"; };
		41428A3819F827D100D2F7C9 /* rdrle.c */ = {isa = PBXFileReference; fileEncoding = 4; lastKnownFileType = sourcecode.c.c; path = rdrle.c; sourceTree = "<group>"; };
		41428A3919F827D100D2F7C9 /* rdswitch.c */ = {isa = PBXFileReference; fileEncoding = 4; lastKnownFileType = sourcecode.c.c; path = rdswitch.c; sourceTree = "<group>"; };
		41428A3A19F827D100D2F7C9 /* rdtarga.c */ = {isa = PBXFileReference; fileEncoding = 4; lastKnownFileType = sourcecode.c.c; path = rdtarga.c; sourceTree = "<group>"; };
		41428A3B19F827D100D2F7C9 /* transupp.c */ = {isa = PBXFileReference; fileEncoding = 4; lastKnownFileType = sourcecode.c.c; path = transupp.c; sourceTree = "<group>"; };
		41428A3C19F827D100D2F7C9 /* transupp.h */ = {isa = PBXFileReference; fileEncoding = 4; lastKnownFileType = sourcecode.c.h; path = transupp.h; sourceTree = "<group>"; };
		41428A3D19F827D100D2F7C9 /* wrbmp.c */ = {isa = PBXFileReference; fileEncoding = 4; lastKnownFileType = sourcecode.c.c; path = wrbmp.c; sourceTree = "<group>"; };
		41428A3E19F827D100D2F7C9 /* wrgif.c */ = {isa = PBXFileReference; fileEncoding = 4; lastKnownFileType = sourcecode.c.c; path = wrgif.c; sourceTree = "<group>"; };
		41428A4019F827D100D2F7C9 /* wrppm.c */ = {isa = PBXFileReference; fileEncoding = 4; lastKnownFileType = sourcecode.c.c; path = wrppm.c; sourceTree = "<group>"; };
		41428A4119F827D100D2F7C9 /* wrrle.c */ = {isa = PBXFileReference; fileEncoding = 4; lastKnownFileType = sourcecode.c.c; path = wrrle.c; sourceTree = "<group>"; };
		41428A4219F827D100D2F7C9 /* wrtarga.c */ = {isa = PBXFileReference; fileEncoding = 4; lastKnownFileType = sourcecode.c.c; path = wrtarga.c; sourceTree = "<group>"; };
		41428A4319F827D100D2F7C9 /* JPEG.h */ = {isa = PBXFileReference; fileEncoding = 4; lastKnownFileType = sourcecode.c.h; path = JPEG.h; sourceTree = "<group>"; };
		41428A4419F827D100D2F7C9 /* JPEGReader.cpp */ = {isa = PBXFileReference; fileEncoding = 4; lastKnownFileType = sourcecode.cpp.cpp; path = JPEGReader.cpp; sourceTree = "<group>"; };
		41428A4519F827D100D2F7C9 /* JPEGReader.h */ = {isa = PBXFileReference; fileEncoding = 4; lastKnownFileType = sourcecode.c.h; path = JPEGReader.h; sourceTree = "<group>"; };
		41428A4619F827D100D2F7C9 /* JPEGWriter.cpp */ = {isa = PBXFileReference; fileEncoding = 4; lastKnownFileType = sourcecode.cpp.cpp; path = JPEGWriter.cpp; sourceTree = "<group>"; };
		41428A4719F827D100D2F7C9 /* JPEGWriter.h */ = {isa = PBXFileReference; fileEncoding = 4; lastKnownFileType = sourcecode.c.h; path = JPEGWriter.h; sourceTree = "<group>"; };
		41428A9119F82CD800D2F7C9 /* jmemansi.c */ = {isa = PBXFileReference; fileEncoding = 4; lastKnownFileType = sourcecode.c.c; path = jmemansi.c; sourceTree = "<group>"; };
		41E7ACF21A029E4100683019 /* CSlrDate.h */ = {isa = PBXFileReference; fileEncoding = 4; lastKnownFileType = sourcecode.c.h; name = CSlrDate.h; path = src/CSlrDate.h; sourceTree = SOURCE_ROOT; };
/* End PBXFileReference section */

/* Begin PBXFrameworksBuildPhase section */
		4142890519F80E5E00D2F7C9 /* Frameworks */ = {
			isa = PBXFrameworksBuildPhase;
			buildActionMask = 2147483647;
			files = (
			);
			runOnlyForDeploymentPostprocessing = 0;
		};
/* End PBXFrameworksBuildPhase section */

/* Begin PBXGroup section */
		414288FF19F80E5E00D2F7C9 = {
			isa = PBXGroup;
			children = (
				4142890A19F80E5E00D2F7C9 /* DeployMaker */,
				4142890919F80E5E00D2F7C9 /* Products */,
			);
			sourceTree = "<group>";
		};
		4142890919F80E5E00D2F7C9 /* Products */ = {
			isa = PBXGroup;
			children = (
				4142890819F80E5E00D2F7C9 /* DeployMaker */,
			);
			name = Products;
			sourceTree = "<group>";
		};
		4142890A19F80E5E00D2F7C9 /* DeployMaker */ = {
			isa = PBXGroup;
			children = (
				411A4EB51A13B8890095EBF9 /* CSlrDate.cpp */,
				41E7ACF21A029E4100683019 /* CSlrDate.h */,
				41193E8919FA95060027B007 /* CSlrImageDummy.h */,
				41193E8A19FA95060027B007 /* CSlrImageDummy.cpp */,
				414289EE19F827D100D2F7C9 /* jpeg */,
				414289EB19F81C3B00D2F7C9 /* GFX_ReadImage.cpp */,
				414289EC19F81C3B00D2F7C9 /* GFX_ReadImage.h */,
				4142891419F80EA400D2F7C9 /* CByteBuffer.cpp */,
				4142891519F80EA400D2F7C9 /* CByteBuffer.h */,
				4142891719F80EA400D2F7C9 /* RES_DeployFile.cpp */,
				4142891819F80EA400D2F7C9 /* RES_DeployFile.h */,
				4142891919F80EA400D2F7C9 /* SYS_Defs.h */,
				4142891A19F80EA400D2F7C9 /* SYS_Funct.cpp */,
				4142891B19F80EA400D2F7C9 /* SYS_Funct.h */,
				4142891C19F80EA400D2F7C9 /* SYS_Main.cpp */,
				4142891D19F80EA400D2F7C9 /* SYS_Main.h */,
				4142891E19F80EA400D2F7C9 /* SYS_Startup.cpp */,
				4142891F19F80EA400D2F7C9 /* compress */,
				4142892619F80EA400D2F7C9 /* CSegmentedObject.h */,
				4142892719F80EA400D2F7C9 /* CSlrFile.cpp */,
				4142892819F80EA400D2F7C9 /* CSlrFile.h */,
				4142892919F80EA400D2F7C9 /* CSlrFileFromSystem.cpp */,
				4142892A19F80EA400D2F7C9 /* CSlrFileFromSystem.h */,
				4142892C19F80EA400D2F7C9 /* GFX_Types.h */,
				4142892D19F80EA400D2F7C9 /* GFX_WriteImage.cpp */,
				4142892E19F80EA400D2F7C9 /* GFX_WriteImage.h */,
				4142892F19F80EA400D2F7C9 /* image */,
				4142894019F80EA500D2F7C9 /* libpng */,
				4142895719F80EA500D2F7C9 /* platform */,
				4142899419F80EA500D2F7C9 /* zlib */,
			);
			path = DeployMaker;
			sourceTree = "<group>";
		};
		4142891F19F80EA400D2F7C9 /* compress */ = {
			isa = PBXGroup;
			children = (
				4142892019F80EA400D2F7C9 /* common.h */,
				4142892119F80EA400D2F7C9 /* Compress.cpp */,
				4142892219F80EA400D2F7C9 /* Compress.h */,
				4142892319F80EA400D2F7C9 /* Decompress.cpp */,
				4142892419F80EA400D2F7C9 /* Decompress.h */,
				4142892519F80EA400D2F7C9 /* example.cpp */,
			);
			name = compress;
			path = src/compress;
			sourceTree = SOURCE_ROOT;
		};
		4142892F19F80EA400D2F7C9 /* image */ = {
			isa = PBXGroup;
			children = (
				4142893019F80EA400D2F7C9 /* CBufferOffsets.cpp */,
				4142893119F80EA400D2F7C9 /* CBufferOffsets.h */,
				4142893219F80EA400D2F7C9 /* CImageData.cpp */,
				4142893319F80EA400D2F7C9 /* CImageData.h */,
				4142893419F80EA400D2F7C9 /* CImageKernel.cpp */,
				4142893519F80EA400D2F7C9 /* CImageKernel.h */,
				4142893619F80EA400D2F7C9 /* IMG_Filters.cpp */,
				4142893719F80EA400D2F7C9 /* IMG_Filters.h */,
				4142893819F80EA400D2F7C9 /* IMG_HoughLines.cpp */,
				4142893919F80EA500D2F7C9 /* IMG_HoughLines.h */,
				4142893A19F80EA500D2F7C9 /* IMG_Scale.cpp */,
				4142893B19F80EA500D2F7C9 /* IMG_Scale.h */,
				4142893C19F80EA500D2F7C9 /* resampler */,
			);
			name = image;
			path = src/image;
			sourceTree = SOURCE_ROOT;
		};
		4142893C19F80EA500D2F7C9 /* resampler */ = {
			isa = PBXGroup;
			children = (
				4142893D19F80EA500D2F7C9 /* resampler.cpp */,
				4142893E19F80EA500D2F7C9 /* resampler.h */,
				4142893F19F80EA500D2F7C9 /* stb_image.h */,
			);
			path = resampler;
			sourceTree = "<group>";
		};
		4142894019F80EA500D2F7C9 /* libpng */ = {
			isa = PBXGroup;
			children = (
				4142894119F80EA500D2F7C9 /* png.c */,
				4142894219F80EA500D2F7C9 /* png.h */,
				4142894319F80EA500D2F7C9 /* pngconf.h */,
				4142894419F80EA500D2F7C9 /* pngdebug.h */,
				4142894519F80EA500D2F7C9 /* pngerror.c */,
				4142894619F80EA500D2F7C9 /* pngget.c */,
				4142894719F80EA500D2F7C9 /* pnginfo.h */,
				4142894819F80EA500D2F7C9 /* pnglibconf.h */,
				4142894919F80EA500D2F7C9 /* pngmem.c */,
				4142894A19F80EA500D2F7C9 /* pngpread.c */,
				4142894B19F80EA500D2F7C9 /* pngpriv.h */,
				4142894C19F80EA500D2F7C9 /* pngread.c */,
				4142894D19F80EA500D2F7C9 /* pngrio.c */,
				4142894E19F80EA500D2F7C9 /* pngrtran.c */,
				4142894F19F80EA500D2F7C9 /* pngrutil.c */,
				4142895019F80EA500D2F7C9 /* pngset.c */,
				4142895119F80EA500D2F7C9 /* pngstruct.h */,
				4142895219F80EA500D2F7C9 /* pngtrans.c */,
				4142895319F80EA500D2F7C9 /* pngwio.c */,
				4142895419F80EA500D2F7C9 /* pngwrite.c */,
				4142895519F80EA500D2F7C9 /* pngwtran.c */,
				4142895619F80EA500D2F7C9 /* pngwutil.c */,
			);
			name = libpng;
			path = src/libpng;
			sourceTree = SOURCE_ROOT;
		};
		4142895719F80EA500D2F7C9 /* platform */ = {
			isa = PBXGroup;
			children = (
				414289E419F8138500D2F7C9 /* MacOS */,
			);
			name = platform;
			path = src/platform;
			sourceTree = SOURCE_ROOT;
		};
		4142899419F80EA500D2F7C9 /* zlib */ = {
			isa = PBXGroup;
			children = (
				4142899519F80EA500D2F7C9 /* adler32.c */,
				4142899619F80EA500D2F7C9 /* compress.c */,
				4142899719F80EA500D2F7C9 /* crc32.c */,
				4142899819F80EA500D2F7C9 /* crc32.h */,
				4142899919F80EA500D2F7C9 /* deflate.c */,
				4142899A19F80EA500D2F7C9 /* deflate.h */,
				4142899B19F80EA500D2F7C9 /* gzclose.c */,
				4142899C19F80EA500D2F7C9 /* gzguts.h */,
				4142899D19F80EA500D2F7C9 /* gzlib.c */,
				4142899E19F80EA500D2F7C9 /* gzread.c */,
				4142899F19F80EA500D2F7C9 /* gzwrite.c */,
				414289A019F80EA500D2F7C9 /* infback.c */,
				414289A119F80EA500D2F7C9 /* inffast.c */,
				414289A219F80EA500D2F7C9 /* inffast.h */,
				414289A319F80EA500D2F7C9 /* inffixed.h */,
				414289A419F80EA500D2F7C9 /* inflate.c */,
				414289A519F80EA500D2F7C9 /* inflate.h */,
				414289A619F80EA500D2F7C9 /* inftrees.c */,
				414289A719F80EA500D2F7C9 /* inftrees.h */,
				414289A819F80EA500D2F7C9 /* trees.c */,
				414289A919F80EA500D2F7C9 /* trees.h */,
				414289AA19F80EA500D2F7C9 /* uncompr.c */,
				414289AB19F80EA500D2F7C9 /* zconf.h */,
				414289AC19F80EA500D2F7C9 /* zlib.h */,
				414289AD19F80EA500D2F7C9 /* zutil.c */,
				414289AE19F80EA500D2F7C9 /* zutil.h */,
			);
			name = zlib;
			path = src/zlib;
			sourceTree = SOURCE_ROOT;
		};
		414289E419F8138500D2F7C9 /* MacOS */ = {
			isa = PBXGroup;
			children = (
				414289E519F8138500D2F7C9 /* DBG_Log.h */,
				414289E619F8138500D2F7C9 /* DBG_Log.mm */,
				414289E719F8138500D2F7C9 /* SYS_GetFilesFromDirectory.cpp */,
				414289E819F8138500D2F7C9 /* SYS_GetFilesFromDirectory.h */,
			);
			path = MacOS;
			sourceTree = "<group>";
		};
		414289EE19F827D100D2F7C9 /* jpeg */ = {
			isa = PBXGroup;
			children = (
				414289EF19F827D100D2F7C9 /* jpeg-9a */,
				41428A4319F827D100D2F7C9 /* JPEG.h */,
				41428A4419F827D100D2F7C9 /* JPEGReader.cpp */,
				41428A4519F827D100D2F7C9 /* JPEGReader.h */,
				41428A4619F827D100D2F7C9 /* JPEGWriter.cpp */,
				41428A4719F827D100D2F7C9 /* JPEGWriter.h */,
			);
			name = jpeg;
			path = src/jpeg;
			sourceTree = SOURCE_ROOT;
		};
		414289EF19F827D100D2F7C9 /* jpeg-9a */ = {
			isa = PBXGroup;
			children = (
				41428A9119F82CD800D2F7C9 /* jmemansi.c */,
				414289F019F827D100D2F7C9 /* cderror.h */,
				414289F119F827D100D2F7C9 /* cdjpeg.c */,
				414289F219F827D100D2F7C9 /* cdjpeg.h */,
				414289F719F827D100D2F7C9 /* jaricom.c */,
				414289F819F827D100D2F7C9 /* jcapimin.c */,
				414289F919F827D100D2F7C9 /* jcapistd.c */,
				414289FA19F827D100D2F7C9 /* jcarith.c */,
				414289FB19F827D100D2F7C9 /* jccoefct.c */,
				414289FC19F827D100D2F7C9 /* jccolor.c */,
				414289FD19F827D100D2F7C9 /* jcdctmgr.c */,
				414289FE19F827D100D2F7C9 /* jchuff.c */,
				414289FF19F827D100D2F7C9 /* jcinit.c */,
				41428A0019F827D100D2F7C9 /* jcmainct.c */,
				41428A0119F827D100D2F7C9 /* jcmarker.c */,
				41428A0219F827D100D2F7C9 /* jcmaster.c */,
				41428A0319F827D100D2F7C9 /* jcomapi.c */,
				41428A0419F827D100D2F7C9 /* jconfig.h */,
				41428A0519F827D100D2F7C9 /* jcparam.c */,
				41428A0619F827D100D2F7C9 /* jcprepct.c */,
				41428A0719F827D100D2F7C9 /* jcsample.c */,
				41428A0819F827D100D2F7C9 /* jctrans.c */,
				41428A0919F827D100D2F7C9 /* jdapimin.c */,
				41428A0A19F827D100D2F7C9 /* jdapistd.c */,
				41428A0B19F827D100D2F7C9 /* jdarith.c */,
				41428A0C19F827D100D2F7C9 /* jdatadst.c */,
				41428A0D19F827D100D2F7C9 /* jdatasrc.c */,
				41428A0E19F827D100D2F7C9 /* jdcoefct.c */,
				41428A0F19F827D100D2F7C9 /* jdcolor.c */,
				41428A1019F827D100D2F7C9 /* jdct.h */,
				41428A1119F827D100D2F7C9 /* jddctmgr.c */,
				41428A1219F827D100D2F7C9 /* jdhuff.c */,
				41428A1319F827D100D2F7C9 /* jdinput.c */,
				41428A1419F827D100D2F7C9 /* jdmainct.c */,
				41428A1519F827D100D2F7C9 /* jdmarker.c */,
				41428A1619F827D100D2F7C9 /* jdmaster.c */,
				41428A1719F827D100D2F7C9 /* jdmerge.c */,
				41428A1819F827D100D2F7C9 /* jdpostct.c */,
				41428A1919F827D100D2F7C9 /* jdsample.c */,
				41428A1A19F827D100D2F7C9 /* jdtrans.c */,
				41428A1B19F827D100D2F7C9 /* jerror.c */,
				41428A1C19F827D100D2F7C9 /* jerror.h */,
				41428A1D19F827D100D2F7C9 /* jfdctflt.c */,
				41428A1E19F827D100D2F7C9 /* jfdctfst.c */,
				41428A1F19F827D100D2F7C9 /* jfdctint.c */,
				41428A2019F827D100D2F7C9 /* jidctflt.c */,
				41428A2119F827D100D2F7C9 /* jidctfst.c */,
				41428A2219F827D100D2F7C9 /* jidctint.c */,
				41428A2319F827D100D2F7C9 /* jinclude.h */,
				41428A2719F827D100D2F7C9 /* jmemmgr.c */,
				41428A2A19F827D100D2F7C9 /* jmemsys.h */,
				41428A2B19F827D100D2F7C9 /* jmorecfg.h */,
				41428A2C19F827D100D2F7C9 /* jpegint.h */,
				41428A2D19F827D100D2F7C9 /* jpeglib.h */,
				41428A2F19F827D100D2F7C9 /* jquant1.c */,
				41428A3019F827D100D2F7C9 /* jquant2.c */,
				41428A3119F827D100D2F7C9 /* jutils.c */,
				41428A3219F827D100D2F7C9 /* jversion.h */,
				41428A3319F827D100D2F7C9 /* rdbmp.c */,
				41428A3419F827D100D2F7C9 /* rdcolmap.c */,
				41428A3519F827D100D2F7C9 /* rdgif.c */,
				41428A3719F827D100D2F7C9 /* rdppm.c */,
				41428A3819F827D100D2F7C9 /* rdrle.c */,
				41428A3919F827D100D2F7C9 /* rdswitch.c */,
				41428A3A19F827D100D2F7C9 /* rdtarga.c */,
				41428A3B19F827D100D2F7C9 /* transupp.c */,
				41428A3C19F827D100D2F7C9 /* transupp.h */,
				41428A3D19F827D100D2F7C9 /* wrbmp.c */,
				41428A3E19F827D100D2F7C9 /* wrgif.c */,
				41428A4019F827D100D2F7C9 /* wrppm.c */,
				41428A4119F827D100D2F7C9 /* wrrle.c */,
				41428A4219F827D100D2F7C9 /* wrtarga.c */,
			);
			path = "jpeg-9a";
			sourceTree = "<group>";
		};
/* End PBXGroup section */

/* Begin PBXNativeTarget section */
		4142890719F80E5E00D2F7C9 /* DeployMaker */ = {
			isa = PBXNativeTarget;
			buildConfigurationList = 4142891119F80E5F00D2F7C9 /* Build configuration list for PBXNativeTarget "DeployMaker" */;
			buildPhases = (
				4142890419F80E5E00D2F7C9 /* Sources */,
				4142890519F80E5E00D2F7C9 /* Frameworks */,
				4142890619F80E5E00D2F7C9 /* CopyFiles */,
			);
			buildRules = (
			);
			dependencies = (
			);
			name = DeployMaker;
			productName = DeployMaker;
			productReference = 4142890819F80E5E00D2F7C9 /* DeployMaker */;
			productType = "com.apple.product-type.tool";
		};
/* End PBXNativeTarget section */

/* Begin PBXProject section */
		4142890019F80E5E00D2F7C9 /* Project object */ = {
			isa = PBXProject;
			attributes = {
				LastUpgradeCheck = 0510;
				ORGANIZATIONNAME = Rabidus;
			};
			buildConfigurationList = 4142890319F80E5E00D2F7C9 /* Build configuration list for PBXProject "DeployMaker" */;
			compatibilityVersion = "Xcode 3.2";
			developmentRegion = English;
			hasScannedForEncodings = 0;
			knownRegions = (
				en,
			);
			mainGroup = 414288FF19F80E5E00D2F7C9;
			productRefGroup = 4142890919F80E5E00D2F7C9 /* Products */;
			projectDirPath = "";
			projectRoot = "";
			targets = (
				4142890719F80E5E00D2F7C9 /* DeployMaker */,
			);
		};
/* End PBXProject section */

/* Begin PBXSourcesBuildPhase section */
		4142890419F80E5E00D2F7C9 /* Sources */ = {
			isa = PBXSourcesBuildPhase;
			buildActionMask = 2147483647;
			files = (
				41428A7319F827D100D2F7C9 /* jidctflt.c in Sources */,
				41428A5319F827D100D2F7C9 /* jcdctmgr.c in Sources */,
				41428A5C19F827D100D2F7C9 /* jcsample.c in Sources */,
				41428A5B19F827D100D2F7C9 /* jcprepct.c in Sources */,
				414289B719F80EA500D2F7C9 /* example.cpp in Sources */,
				41428A8C19F827D100D2F7C9 /* wrppm.c in Sources */,
				414289E219F80EA500D2F7C9 /* uncompr.c in Sources */,
				41428A7919F827D100D2F7C9 /* jmemmgr.c in Sources */,
				41428A6C19F827D100D2F7C9 /* jdpostct.c in Sources */,
				414289DB19F80EA500D2F7C9 /* gzread.c in Sources */,
				414289CF19F80EA500D2F7C9 /* pngwtran.c in Sources */,
				41428A6519F827D100D2F7C9 /* jddctmgr.c in Sources */,
				41428A8819F827D100D2F7C9 /* transupp.c in Sources */,
				41428A5919F827D100D2F7C9 /* jcomapi.c in Sources */,
				414289BD19F80EA500D2F7C9 /* CImageKernel.cpp in Sources */,
				414289DE19F80EA500D2F7C9 /* inffast.c in Sources */,
				41428A8F19F827D100D2F7C9 /* JPEGReader.cpp in Sources */,
				41428A6D19F827D100D2F7C9 /* jdsample.c in Sources */,
				414289BC19F80EA500D2F7C9 /* CImageData.cpp in Sources */,
				41428A6119F827D100D2F7C9 /* jdatadst.c in Sources */,
				41428A5E19F827D100D2F7C9 /* jdapimin.c in Sources */,
				41428A4F19F827D100D2F7C9 /* jcapistd.c in Sources */,
				411A4EB61A13B8890095EBF9 /* CSlrDate.cpp in Sources */,
				41428A9019F827D100D2F7C9 /* JPEGWriter.cpp in Sources */,
				41193E8B19FA95060027B007 /* CSlrImageDummy.cpp in Sources */,
				41428A6A19F827D100D2F7C9 /* jdmaster.c in Sources */,
				41428A9219F82CD800D2F7C9 /* jmemansi.c in Sources */,
				41428A7019F827D100D2F7C9 /* jfdctflt.c in Sources */,
				41428A7F19F827D100D2F7C9 /* jutils.c in Sources */,
				414289C519F80EA500D2F7C9 /* pngmem.c in Sources */,
				414289CA19F80EA500D2F7C9 /* pngrutil.c in Sources */,
				414289C919F80EA500D2F7C9 /* pngrtran.c in Sources */,
				414289CB19F80EA500D2F7C9 /* pngset.c in Sources */,
				41428A5419F827D100D2F7C9 /* jchuff.c in Sources */,
				41428A5219F827D100D2F7C9 /* jccolor.c in Sources */,
				414289C619F80EA500D2F7C9 /* pngpread.c in Sources */,
				41428A7119F827D100D2F7C9 /* jfdctfst.c in Sources */,
				41428A8A19F827D100D2F7C9 /* wrgif.c in Sources */,
				41428A6F19F827D100D2F7C9 /* jerror.c in Sources */,
				41428A8919F827D100D2F7C9 /* wrbmp.c in Sources */,
				414289DD19F80EA500D2F7C9 /* infback.c in Sources */,
				41428A8119F827D100D2F7C9 /* rdcolmap.c in Sources */,
				41428A8619F827D100D2F7C9 /* rdswitch.c in Sources */,
				414289D019F80EA500D2F7C9 /* pngwutil.c in Sources */,
				414289DC19F80EA500D2F7C9 /* gzwrite.c in Sources */,
				41428A5A19F827D100D2F7C9 /* jcparam.c in Sources */,
				414289E119F80EA500D2F7C9 /* trees.c in Sources */,
				414289BF19F80EA500D2F7C9 /* IMG_HoughLines.cpp in Sources */,
				414289C819F80EA500D2F7C9 /* pngrio.c in Sources */,
				414289C719F80EA500D2F7C9 /* pngread.c in Sources */,
				414289CE19F80EA500D2F7C9 /* pngwrite.c in Sources */,
				41428A6219F827D100D2F7C9 /* jdatasrc.c in Sources */,
				414289B819F80EA500D2F7C9 /* CSlrFile.cpp in Sources */,
				41428A7E19F827D100D2F7C9 /* jquant2.c in Sources */,
				414289E919F8138500D2F7C9 /* DBG_Log.mm in Sources */,
				414289B219F80EA500D2F7C9 /* SYS_Funct.cpp in Sources */,
				414289D519F80EA500D2F7C9 /* adler32.c in Sources */,
				414289C419F80EA500D2F7C9 /* pngget.c in Sources */,
				414289BE19F80EA500D2F7C9 /* IMG_Filters.cpp in Sources */,
				41428A5D19F827D100D2F7C9 /* jctrans.c in Sources */,
				414289BB19F80EA500D2F7C9 /* CBufferOffsets.cpp in Sources */,
				414289D719F80EA500D2F7C9 /* crc32.c in Sources */,
				414289B419F80EA500D2F7C9 /* SYS_Startup.cpp in Sources */,
				41428A5819F827D100D2F7C9 /* jcmaster.c in Sources */,
				41428A6619F827D100D2F7C9 /* jdhuff.c in Sources */,
				41428A7419F827D100D2F7C9 /* jidctfst.c in Sources */,
				414289D919F80EA500D2F7C9 /* gzclose.c in Sources */,
				41428A4819F827D100D2F7C9 /* cdjpeg.c in Sources */,
				414289DF19F80EA500D2F7C9 /* inflate.c in Sources */,
				414289ED19F81C3B00D2F7C9 /* GFX_ReadImage.cpp in Sources */,
				414289E319F80EA500D2F7C9 /* zutil.c in Sources */,
				41428A7D19F827D100D2F7C9 /* jquant1.c in Sources */,
				41428A8D19F827D100D2F7C9 /* wrrle.c in Sources */,
				41428A6319F827D100D2F7C9 /* jdcoefct.c in Sources */,
				41428A6019F827D100D2F7C9 /* jdarith.c in Sources */,
				414289C319F80EA500D2F7C9 /* pngerror.c in Sources */,
				41428A5719F827D100D2F7C9 /* jcmarker.c in Sources */,
				41428A6719F827D100D2F7C9 /* jdinput.c in Sources */,
				41428A6E19F827D100D2F7C9 /* jdtrans.c in Sources */,
				414289CC19F80EA500D2F7C9 /* pngtrans.c in Sources */,
				41428A6419F827D100D2F7C9 /* jdcolor.c in Sources */,
				414289B319F80EA500D2F7C9 /* SYS_Main.cpp in Sources */,
				41428A4E19F827D100D2F7C9 /* jcapimin.c in Sources */,
				414289E019F80EA500D2F7C9 /* inftrees.c in Sources */,
				414289B619F80EA500D2F7C9 /* Decompress.cpp in Sources */,
				41428A8019F827D100D2F7C9 /* rdbmp.c in Sources */,
				414289B919F80EA500D2F7C9 /* CSlrFileFromSystem.cpp in Sources */,
				41428A5619F827D100D2F7C9 /* jcmainct.c in Sources */,
				414289C119F80EA500D2F7C9 /* resampler.cpp in Sources */,
				41428A8E19F827D100D2F7C9 /* wrtarga.c in Sources */,
				414289B119F80EA500D2F7C9 /* RES_DeployFile.cpp in Sources */,
				41428A5119F827D100D2F7C9 /* jccoefct.c in Sources */,
				41428A7519F827D100D2F7C9 /* jidctint.c in Sources */,
				41428A6919F827D100D2F7C9 /* jdmarker.c in Sources */,
				414289C219F80EA500D2F7C9 /* png.c in Sources */,
				414289C019F80EA500D2F7C9 /* IMG_Scale.cpp in Sources */,
				414289CD19F80EA500D2F7C9 /* pngwio.c in Sources */,
				41428A5F19F827D100D2F7C9 /* jdapistd.c in Sources */,
				41428A4D19F827D100D2F7C9 /* jaricom.c in Sources */,
				41428A5019F827D100D2F7C9 /* jcarith.c in Sources */,
				414289D819F80EA500D2F7C9 /* deflate.c in Sources */,
				41428A7219F827D100D2F7C9 /* jfdctint.c in Sources */,
				414289BA19F80EA500D2F7C9 /* GFX_WriteImage.cpp in Sources */,
				41428A5519F827D100D2F7C9 /* jcinit.c in Sources */,
				41428A6819F827D100D2F7C9 /* jdmainct.c in Sources */,
				41428A8219F827D100D2F7C9 /* rdgif.c in Sources */,
				414289DA19F80EA500D2F7C9 /* gzlib.c in Sources */,
				41428A8519F827D100D2F7C9 /* rdrle.c in Sources */,
				414289EA19F8138500D2F7C9 /* SYS_GetFilesFromDirectory.cpp in Sources */,
				414289B519F80EA500D2F7C9 /* Compress.cpp in Sources */,
				41428A8419F827D100D2F7C9 /* rdppm.c in Sources */,
				414289AF19F80EA500D2F7C9 /* CByteBuffer.cpp in Sources */,
				41428A6B19F827D100D2F7C9 /* jdmerge.c in Sources */,
				41428A8719F827D100D2F7C9 /* rdtarga.c in Sources */,
				414289D619F80EA500D2F7C9 /* compress.c in Sources */,
			);
			runOnlyForDeploymentPostprocessing = 0;
		};
/* End PBXSourcesBuildPhase section */

/* Begin XCBuildConfiguration section */
		4142890F19F80E5F00D2F7C9 /* Debug */ = {
			isa = XCBuildConfiguration;
			buildSettings = {
				ALWAYS_SEARCH_USER_PATHS = NO;
				CLANG_CXX_LANGUAGE_STANDARD = "gnu++0x";
				CLANG_CXX_LIBRARY = "libc++";
				CLANG_ENABLE_MODULES = YES;
				CLANG_ENABLE_OBJC_ARC = YES;
				CLANG_WARN_BOOL_CONVERSION = YES;
				CLANG_WARN_CONSTANT_CONVERSION = YES;
				CLANG_WARN_DIRECT_OBJC_ISA_USAGE = YES_ERROR;
				CLANG_WARN_EMPTY_BODY = YES;
				CLANG_WARN_ENUM_CONVERSION = YES;
				CLANG_WARN_INT_CONVERSION = YES;
				CLANG_WARN_OBJC_ROOT_CLASS = YES_ERROR;
				CLANG_WARN__DUPLICATE_METHOD_MATCH = YES;
				COPY_PHASE_STRIP = NO;
				GCC_C_LANGUAGE_STANDARD = gnu99;
				GCC_DYNAMIC_NO_PIC = NO;
				GCC_ENABLE_OBJC_EXCEPTIONS = YES;
				GCC_OPTIMIZATION_LEVEL = 0;
				GCC_PREPROCESSOR_DEFINITIONS = (
					"DEBUG=1",
					"$(inherited)",
				);
				GCC_SYMBOLS_PRIVATE_EXTERN = NO;
				GCC_WARN_64_TO_32_BIT_CONVERSION = YES;
				GCC_WARN_ABOUT_RETURN_TYPE = YES_ERROR;
				GCC_WARN_UNDECLARED_SELECTOR = YES;
				GCC_WARN_UNINITIALIZED_AUTOS = YES_AGGRESSIVE;
				GCC_WARN_UNUSED_FUNCTION = YES;
				GCC_WARN_UNUSED_VARIABLE = YES;
				MACOSX_DEPLOYMENT_TARGET = 10.9;
				ONLY_ACTIVE_ARCH = YES;
				SDKROOT = macosx;
			};
			name = Debug;
		};
		4142891019F80E5F00D2F7C9 /* Release */ = {
			isa = XCBuildConfiguration;
			buildSettings = {
				ALWAYS_SEARCH_USER_PATHS = NO;
				CLANG_CXX_LANGUAGE_STANDARD = "gnu++0x";
				CLANG_CXX_LIBRARY = "libc++";
				CLANG_ENABLE_MODULES = YES;
				CLANG_ENABLE_OBJC_ARC = YES;
				CLANG_WARN_BOOL_CONVERSION = YES;
				CLANG_WARN_CONSTANT_CONVERSION = YES;
				CLANG_WARN_DIRECT_OBJC_ISA_USAGE = YES_ERROR;
				CLANG_WARN_EMPTY_BODY = YES;
				CLANG_WARN_ENUM_CONVERSION = YES;
				CLANG_WARN_INT_CONVERSION = YES;
				CLANG_WARN_OBJC_ROOT_CLASS = YES_ERROR;
				CLANG_WARN__DUPLICATE_METHOD_MATCH = YES;
				COPY_PHASE_STRIP = YES;
				DEBUG_INFORMATION_FORMAT = "dwarf-with-dsym";
				ENABLE_NS_ASSERTIONS = NO;
				GCC_C_LANGUAGE_STANDARD = gnu99;
				GCC_ENABLE_OBJC_EXCEPTIONS = YES;
				GCC_WARN_64_TO_32_BIT_CONVERSION = YES;
				GCC_WARN_ABOUT_RETURN_TYPE = YES_ERROR;
				GCC_WARN_UNDECLARED_SELECTOR = YES;
				GCC_WARN_UNINITIALIZED_AUTOS = YES_AGGRESSIVE;
				GCC_WARN_UNUSED_FUNCTION = YES;
				GCC_WARN_UNUSED_VARIABLE = YES;
				MACOSX_DEPLOYMENT_TARGET = 10.9;
				SDKROOT = macosx;
			};
			name = Release;
		};
		4142891219F80E5F00D2F7C9 /* Debug */ = {
			isa = XCBuildConfiguration;
			buildSettings = {
				PRODUCT_NAME = "$(TARGET_NAME)";
			};
			name = Debug;
		};
		4142891319F80E5F00D2F7C9 /* Release */ = {
			isa = XCBuildConfiguration;
			buildSettings = {
				PRODUCT_NAME = "$(TARGET_NAME)";
			};
			name = Release;
		};
/* End XCBuildConfiguration section */

/* Begin XCConfigurationList section */
		4142890319F80E5E00D2F7C9 /* Build configuration list for PBXProject "DeployMaker" */ = {
			isa = XCConfigurationList;
			buildConfigurations = (
				4142890F19F80E5F00D2F7C9 /* Debug */,
				4142891019F80E5F00D2F7C9 /* Release */,
			);
			defaultConfigurationIsVisible = 0;
			defaultConfigurationName = Release;
		};
		4142891119F80E5F00D2F7C9 /* Build configuration list for PBXNativeTarget "DeployMaker" */ = {
			isa = XCConfigurationList;
			buildConfigurations = (
				4142891219F80E5F00D2F7C9 /* Debug */,
				4142891319F80E5F00D2F7C9 /* Release */,
			);
			defaultConfigurationIsVisible = 0;
			defaultConfigurationName = Release;
		};
/* End XCConfigurationList section */
	};
	rootObject = 4142890019F80E5E00D2F7C9 /* Project object */;
}
