<?xml version="1.0" encoding="UTF-8"?>
<Scheme
   version = "1.8">
   <BuildAction
      parallelizeBuildables = "YES"
      buildImplicitDependencies = "YES">
      <BuildActionEntries>
         <BuildActionEntry
            buildForTesting = "YES"
            buildForRunning = "YES"
            buildForProfiling = "YES"
            buildForArchiving = "YES"
            buildForAnalyzing = "YES">
            <BuildableReference
               BuildableIdentifier = "primary"
               BlueprintIdentifier = "8D1107260486CEB800E47090"
               BuildableName = "C64Debugger.app"
               BlueprintName = "C64Debugger"
               ReferencedContainer = "container:MTEngine-MacOS.xcodeproj">
            </BuildableReference>
         </BuildActionEntry>
      </BuildActionEntries>
   </BuildAction>
   <TestAction
      selectedDebuggerIdentifier = "Xcode.DebuggerFoundation.Debugger.LLDB"
      selectedLauncherIdentifier = "Xcode.DebuggerFoundation.Launcher.LLDB"
      shouldUseLaunchSchemeArgsEnv = "YES"
      buildConfiguration = "Debug">
      <Testables>
      </Testables>
      <MacroExpansion>
         <BuildableReference
            BuildableIdentifier = "primary"
            BlueprintIdentifier = "8D1107260486CEB800E47090"
            BuildableName = "C64Debugger.app"
            BlueprintName = "C64Debugger"
            ReferencedContainer = "container:MTEngine-MacOS.xcodeproj">
         </BuildableReference>
      </MacroExpansion>
      <AdditionalOptions>
      </AdditionalOptions>
   </TestAction>
   <LaunchAction
      selectedDebuggerIdentifier = "Xcode.DebuggerFoundation.Debugger.LLDB"
      selectedLauncherIdentifier = "Xcode.DebuggerFoundation.Launcher.LLDB"
      launchStyle = "0"
      useCustomWorkingDirectory = "NO"
      buildConfiguration = "Debug"
      ignoresPersistentStateOnLaunch = "NO"
      debugDocumentVersioning = "YES"
      debugServiceExtension = "internal"
      allowLocationSimulation = "YES">
      <BuildableProductRunnable
         runnableDebuggingMode = "0">
         <BuildableReference
            BuildableIdentifier = "primary"
            BlueprintIdentifier = "8D1107260486CEB800E47090"
            BuildableName = "C64Debugger.app"
            BlueprintName = "C64Debugger"
            ReferencedContainer = "container:MTEngine-MacOS.xcodeproj">
         </BuildableReference>
      </BuildableProductRunnable>
      <CommandLineArguments>
         <CommandLineArgument
            argument = "-layout"
            isEnabled = "NO">
         </CommandLineArgument>
         <CommandLineArgument
            argument = "2"
            isEnabled = "NO">
         </CommandLineArgument>
         <CommandLineArgument
            argument = "-clearsettings"
            isEnabled = "NO">
         </CommandLineArgument>
         <CommandLineArgument
            argument = "-cartridge"
            isEnabled = "NO">
         </CommandLineArgument>
         <CommandLineArgument
            argument = "/Users/mars/develop/MTEngine/_RUNTIME_/Documents/c64/disks/CRT/c.crt"
            isEnabled = "NO">
         </CommandLineArgument>
         <CommandLineArgument
            argument = "-wait"
            isEnabled = "NO">
         </CommandLineArgument>
         <CommandLineArgument
            argument = "0"
            isEnabled = "NO">
         </CommandLineArgument>
         <CommandLineArgument
            argument = "-snapshot"
            isEnabled = "NO">
         </CommandLineArgument>
         <CommandLineArgument
            argument = "/Users/mars/develop/MTEngine/_RUNTIME_/Documents/c64/disks/glasnost.snap"
            isEnabled = "NO">
         </CommandLineArgument>
         <CommandLineArgument
            argument = "-d64"
            isEnabled = "NO">
         </CommandLineArgument>
         <CommandLineArgument
            argument = "/Users/mars/develop/MTEngine/_RUNTIME_/Documents/c64/disks/commando.d64"
            isEnabled = "NO">
         </CommandLineArgument>
         <CommandLineArgument
            argument = "-jmp"
            isEnabled = "NO">
         </CommandLineArgument>
         <CommandLineArgument
            argument = "$4000"
            isEnabled = "NO">
         </CommandLineArgument>
         <CommandLineArgument
            argument = "-prg"
            isEnabled = "NO">
         </CommandLineArgument>
         <CommandLineArgument
            argument = "/Users/mars/develop/MTEngine/tools/_other/c64/KickAss/Examples/MusicIrq/MusicIrq.prg"
            isEnabled = "NO">
         </CommandLineArgument>
      </CommandLineArguments>
      <AdditionalOptions>
      </AdditionalOptions>
   </LaunchAction>
   <ProfileAction
      shouldUseLaunchSchemeArgsEnv = "YES"
      savedToolIdentifier = ""
      useCustomWorkingDirectory = "NO"
      buildConfiguration = "Release"
      debugDocumentVersioning = "YES">
      <BuildableProductRunnable
         runnableDebuggingMode = "0">
         <BuildableReference
            BuildableIdentifier = "primary"
            BlueprintIdentifier = "8D1107260486CEB800E47090"
            BuildableName = "C64Debugger.app"
            BlueprintName = "C64Debugger"
            ReferencedContainer = "container:MTEngine-MacOS.xcodeproj">
         </BuildableReference>
      </BuildableProductRunnable>
   </ProfileAction>
   <AnalyzeAction
      buildConfiguration = "Debug">
   </AnalyzeAction>
   <ArchiveAction
      buildConfiguration = "Release"
      customArchiveName = "C64Debugger"
      revealArchiveInOrganizer = "YES">
   </ArchiveAction>
</Scheme>
